
Microsoft Visual Studio Solution File, Format Version 12.00
# Visual Studio 2013
VisualStudioVersion = 12.0.40629.0
MinimumVisualStudioVersion = 10.0.40219.1
Project("{8BC9CEB8-8B4A-11D0-8D11-00A0C91BC942}") = "HMGridControl", "Src\HMGridControl\HMGridControl.vcxproj", "{754351F8-4243-4D5E-9A02-0B8FA16A2949}"
EndProject
Project("{8BC9CEB8-8B4A-11D0-8D11-00A0C91BC942}") = "GridCtrlDemo", "Src\GridCtrlDemo\GridCtrlDemo.vcxproj", "{4CD8F998-5BE3-45A9-B396-E854F999CFF7}"
EndProject
Project("{8BC9CEB8-8B4A-11D0-8D11-00A0C91BC942}") = "TestStream", "Src\TestStream\TestStream.vcxproj", "{7035D4DC-7A4D-40FA-BFF7-030700A05F3A}"
EndProject
Project("{FAE04EC0-301F-11D3-BF4B-00C04F79EFBC}") = "MainFrame", "Src\MainFrame\MainFrame.csproj", "{3CC02258-49BD-4F14-B9C9-3BF4876FDD5B}"
	ProjectSection(ProjectDependencies) = postProject
		{B34EABB1-6DA2-40EB-A803-0E72B12B73D7} = {B34EABB1-6DA2-40EB-A803-0E72B12B73D7}
	EndProjectSection
EndProject
Project("{FAE04EC0-301F-11D3-BF4B-00C04F79EFBC}") = "MainFrame.Web", "Src\MainFrame.Web\MainFrame.Web.csproj", "{B34EABB1-6DA2-40EB-A803-0E72B12B73D7}"
EndProject
Project("{FAE04EC0-301F-11D3-BF4B-00C04F79EFBC}") = "Frame", "Src\Frame\Frame.csproj", "{60D63EB5-BBAE-43F6-A843-05F0AA72CD85}"
EndProject
Project("{FAE04EC0-301F-11D3-BF4B-00C04F79EFBC}") = "TestConsole", "Src\TestConsole\TestConsole.csproj", "{9FE55591-E1CC-4002-B5A4-146577F2260D}"
EndProject
Project("{FAE04EC0-301F-11D3-BF4B-00C04F79EFBC}") = "CSharpApp", "Src\CSharpApp\CSharpApp.csproj", "{5EFFCD42-08BD-4658-BE7C-531E54EBB756}"
EndProject
Project("{8BC9CEB8-8B4A-11D0-8D11-00A0C91BC942}") = "TestConsoleC", "Src\TestConsoleC\TestConsoleC.vcxproj", "{6942326E-3F71-46BC-82DB-1129E6E497F7}"
EndProject
Project("{FAE04EC0-301F-11D3-BF4B-00C04F79EFBC}") = "sharpDll", "Src\sharpDll\sharpDll.csproj", "{378D2F56-DA58-4144-819C-48F0E6217D2B}"
EndProject
Project("{8BC9CEB8-8B4A-11D0-8D11-00A0C91BC942}") = "COMServer", "Src\COMServer\COMServer.vcxproj", "{AE3AFB8C-EAF1-4BCD-BAE6-0630A79F6883}"
EndProject
Project("{8BC9CEB8-8B4A-11D0-8D11-00A0C91BC942}") = "COMServerPS", "Src\COMServer\COMServerPS.vcxproj", "{2F85A35F-531E-4C7E-9DBB-C5DE36A66491}"
EndProject
Project("{FAE04EC0-301F-11D3-BF4B-00C04F79EFBC}") = "COMClient", "Src\COMClient\COMClient.csproj", "{85BD9C70-402B-48D4-B1A9-2FB0484ADB4D}"
EndProject
Project("{8BC9CEB8-8B4A-11D0-8D11-00A0C91BC942}") = "HMTestCom", "Src\HMTestCom\HMTestCom.vcxproj", "{1107CBA0-0F89-45EA-96C4-754543BF9F79}"
EndProject
Project("{8BC9CEB8-8B4A-11D0-8D11-00A0C91BC942}") = "HMCAD", "Src\HMCAD\HMCAD.vcxproj", "{4DE361B6-03DD-4A90-9883-6B15B33E78D0}"
EndProject
Project("{8BC9CEB8-8B4A-11D0-8D11-00A0C91BC942}") = "CADConverterTest", "Src\CADConverterTest\CADConverterTest.vcxproj", "{14176B5E-3FD9-4553-A198-B892DECF6464}"
EndProject
Project("{8BC9CEB8-8B4A-11D0-8D11-00A0C91BC942}") = "ui_manager", "Src\ui_manager\ui_manager.vcxproj", "{B0E6FFA7-2275-4C0D-9626-23E941A04B02}"
EndProject
Project("{8BC9CEB8-8B4A-11D0-8D11-00A0C91BC942}") = "gui_resource", "Src\gui_resource\gui_resource.vcxproj", "{744D77A0-1F9E-4A15-87F0-E9629AD52903}"
EndProject
Project("{8BC9CEB8-8B4A-11D0-8D11-00A0C91BC942}") = "x_framework", "Src\x_framework\x_framework.vcxproj", "{48AF984D-57D5-4FA3-9E48-CA74B7AD6BC3}"
EndProject
Project("{8BC9CEB8-8B4A-11D0-8D11-00A0C91BC942}") = "main_application", "Src\main_application\main_application.vcxproj", "{CA09A745-954F-41EB-A525-F59C176E21DA}"
EndProject
Project("{8BC9CEB8-8B4A-11D0-8D11-00A0C91BC942}") = "project_manager", "Src\project_manager\project_manager.vcxproj", "{30FD3F33-7CC8-4F42-B5B0-D1A7C979B4A4}"
EndProject
Project("{8BC9CEB8-8B4A-11D0-8D11-00A0C91BC942}") = "HMGlobalTool", "Src\HMGlobalTool\HMGlobalTool.vcxproj", "{FD654308-09D0-433D-B43A-746F7216D212}"
EndProject
Global
	GlobalSection(SolutionConfigurationPlatforms) = preSolution
		Debug Unicode|Any CPU = Debug Unicode|Any CPU
		Debug Unicode|Mixed Platforms = Debug Unicode|Mixed Platforms
		Debug Unicode|Win32 = Debug Unicode|Win32
		Debug Unicode|x64 = Debug Unicode|x64
		Debug|Any CPU = Debug|Any CPU
		Debug|Mixed Platforms = Debug|Mixed Platforms
		Debug|Win32 = Debug|Win32
		Debug|x64 = Debug|x64
		Release Unicode|Any CPU = Release Unicode|Any CPU
		Release Unicode|Mixed Platforms = Release Unicode|Mixed Platforms
		Release Unicode|Win32 = Release Unicode|Win32
		Release Unicode|x64 = Release Unicode|x64
		Release|Any CPU = Release|Any CPU
		Release|Mixed Platforms = Release|Mixed Platforms
		Release|Win32 = Release|Win32
		Release|x64 = Release|x64
		ReleaseStatic|Any CPU = ReleaseStatic|Any CPU
		ReleaseStatic|Mixed Platforms = ReleaseStatic|Mixed Platforms
		ReleaseStatic|Win32 = ReleaseStatic|Win32
		ReleaseStatic|x64 = ReleaseStatic|x64
	EndGlobalSection
	GlobalSection(ProjectConfigurationPlatforms) = postSolution
		{754351F8-4243-4D5E-9A02-0B8FA16A2949}.Debug Unicode|Any CPU.ActiveCfg = Debug|Win32
		{754351F8-4243-4D5E-9A02-0B8FA16A2949}.Debug Unicode|Mixed Platforms.ActiveCfg = Debug|Win32
		{754351F8-4243-4D5E-9A02-0B8FA16A2949}.Debug Unicode|Mixed Platforms.Build.0 = Debug|Win32
		{754351F8-4243-4D5E-9A02-0B8FA16A2949}.Debug Unicode|Win32.ActiveCfg = Debug|Win32
		{754351F8-4243-4D5E-9A02-0B8FA16A2949}.Debug Unicode|Win32.Build.0 = Debug|Win32
		{754351F8-4243-4D5E-9A02-0B8FA16A2949}.Debug Unicode|x64.ActiveCfg = Debug|Win32
		{754351F8-4243-4D5E-9A02-0B8FA16A2949}.Debug|Any CPU.ActiveCfg = Debug|Win32
		{754351F8-4243-4D5E-9A02-0B8FA16A2949}.Debug|Mixed Platforms.ActiveCfg = Debug|Win32
		{754351F8-4243-4D5E-9A02-0B8FA16A2949}.Debug|Mixed Platforms.Build.0 = Debug|Win32
		{754351F8-4243-4D5E-9A02-0B8FA16A2949}.Debug|Win32.ActiveCfg = Debug|Win32
		{754351F8-4243-4D5E-9A02-0B8FA16A2949}.Debug|Win32.Build.0 = Debug|Win32
		{754351F8-4243-4D5E-9A02-0B8FA16A2949}.Debug|x64.ActiveCfg = Debug|Win32
		{754351F8-4243-4D5E-9A02-0B8FA16A2949}.Release Unicode|Any CPU.ActiveCfg = Release|Win32
		{754351F8-4243-4D5E-9A02-0B8FA16A2949}.Release Unicode|Mixed Platforms.ActiveCfg = Release|Win32
		{754351F8-4243-4D5E-9A02-0B8FA16A2949}.Release Unicode|Mixed Platforms.Build.0 = Release|Win32
		{754351F8-4243-4D5E-9A02-0B8FA16A2949}.Release Unicode|Win32.ActiveCfg = Release|Win32
		{754351F8-4243-4D5E-9A02-0B8FA16A2949}.Release Unicode|Win32.Build.0 = Release|Win32
		{754351F8-4243-4D5E-9A02-0B8FA16A2949}.Release Unicode|x64.ActiveCfg = Release|Win32
		{754351F8-4243-4D5E-9A02-0B8FA16A2949}.Release|Any CPU.ActiveCfg = Release|Win32
		{754351F8-4243-4D5E-9A02-0B8FA16A2949}.Release|Mixed Platforms.ActiveCfg = Release|Win32
		{754351F8-4243-4D5E-9A02-0B8FA16A2949}.Release|Mixed Platforms.Build.0 = Release|Win32
		{754351F8-4243-4D5E-9A02-0B8FA16A2949}.Release|Win32.ActiveCfg = Release|Win32
		{754351F8-4243-4D5E-9A02-0B8FA16A2949}.Release|Win32.Build.0 = Release|Win32
		{754351F8-4243-4D5E-9A02-0B8FA16A2949}.Release|x64.ActiveCfg = Release|Win32
		{754351F8-4243-4D5E-9A02-0B8FA16A2949}.ReleaseStatic|Any CPU.ActiveCfg = Release|Win32
		{754351F8-4243-4D5E-9A02-0B8FA16A2949}.ReleaseStatic|Mixed Platforms.ActiveCfg = Release|Win32
		{754351F8-4243-4D5E-9A02-0B8FA16A2949}.ReleaseStatic|Mixed Platforms.Build.0 = Release|Win32
		{754351F8-4243-4D5E-9A02-0B8FA16A2949}.ReleaseStatic|Win32.ActiveCfg = Release|Win32
		{754351F8-4243-4D5E-9A02-0B8FA16A2949}.ReleaseStatic|Win32.Build.0 = Release|Win32
		{754351F8-4243-4D5E-9A02-0B8FA16A2949}.ReleaseStatic|x64.ActiveCfg = Release|Win32
		{4CD8F998-5BE3-45A9-B396-E854F999CFF7}.Debug Unicode|Any CPU.ActiveCfg = Debug Unicode|Win32
		{4CD8F998-5BE3-45A9-B396-E854F999CFF7}.Debug Unicode|Mixed Platforms.ActiveCfg = Debug Unicode|Win32
		{4CD8F998-5BE3-45A9-B396-E854F999CFF7}.Debug Unicode|Mixed Platforms.Build.0 = Debug Unicode|Win32
		{4CD8F998-5BE3-45A9-B396-E854F999CFF7}.Debug Unicode|Win32.ActiveCfg = Debug Unicode|Win32
		{4CD8F998-5BE3-45A9-B396-E854F999CFF7}.Debug Unicode|Win32.Build.0 = Debug Unicode|Win32
		{4CD8F998-5BE3-45A9-B396-E854F999CFF7}.Debug Unicode|x64.ActiveCfg = Debug Unicode|Win32
		{4CD8F998-5BE3-45A9-B396-E854F999CFF7}.Debug|Any CPU.ActiveCfg = Debug|Win32
		{4CD8F998-5BE3-45A9-B396-E854F999CFF7}.Debug|Mixed Platforms.ActiveCfg = Debug|Win32
		{4CD8F998-5BE3-45A9-B396-E854F999CFF7}.Debug|Mixed Platforms.Build.0 = Debug|Win32
		{4CD8F998-5BE3-45A9-B396-E854F999CFF7}.Debug|Win32.ActiveCfg = Debug|Win32
		{4CD8F998-5BE3-45A9-B396-E854F999CFF7}.Debug|Win32.Build.0 = Debug|Win32
		{4CD8F998-5BE3-45A9-B396-E854F999CFF7}.Debug|x64.ActiveCfg = Debug|Win32
		{4CD8F998-5BE3-45A9-B396-E854F999CFF7}.Release Unicode|Any CPU.ActiveCfg = Release Unicode|Win32
		{4CD8F998-5BE3-45A9-B396-E854F999CFF7}.Release Unicode|Mixed Platforms.ActiveCfg = Release Unicode|Win32
		{4CD8F998-5BE3-45A9-B396-E854F999CFF7}.Release Unicode|Mixed Platforms.Build.0 = Release Unicode|Win32
		{4CD8F998-5BE3-45A9-B396-E854F999CFF7}.Release Unicode|Win32.ActiveCfg = Release Unicode|Win32
		{4CD8F998-5BE3-45A9-B396-E854F999CFF7}.Release Unicode|Win32.Build.0 = Release Unicode|Win32
		{4CD8F998-5BE3-45A9-B396-E854F999CFF7}.Release Unicode|x64.ActiveCfg = Release Unicode|Win32
		{4CD8F998-5BE3-45A9-B396-E854F999CFF7}.Release|Any CPU.ActiveCfg = Release|Win32
		{4CD8F998-5BE3-45A9-B396-E854F999CFF7}.Release|Mixed Platforms.ActiveCfg = Release|Win32
		{4CD8F998-5BE3-45A9-B396-E854F999CFF7}.Release|Mixed Platforms.Build.0 = Release|Win32
		{4CD8F998-5BE3-45A9-B396-E854F999CFF7}.Release|Win32.ActiveCfg = Release|Win32
		{4CD8F998-5BE3-45A9-B396-E854F999CFF7}.Release|Win32.Build.0 = Release|Win32
		{4CD8F998-5BE3-45A9-B396-E854F999CFF7}.Release|x64.ActiveCfg = Release|Win32
		{4CD8F998-5BE3-45A9-B396-E854F999CFF7}.ReleaseStatic|Any CPU.ActiveCfg = ReleaseStatic|Win32
		{4CD8F998-5BE3-45A9-B396-E854F999CFF7}.ReleaseStatic|Mixed Platforms.ActiveCfg = ReleaseStatic|Win32
		{4CD8F998-5BE3-45A9-B396-E854F999CFF7}.ReleaseStatic|Mixed Platforms.Build.0 = ReleaseStatic|Win32
		{4CD8F998-5BE3-45A9-B396-E854F999CFF7}.ReleaseStatic|Win32.ActiveCfg = ReleaseStatic|Win32
		{4CD8F998-5BE3-45A9-B396-E854F999CFF7}.ReleaseStatic|Win32.Build.0 = ReleaseStatic|Win32
		{4CD8F998-5BE3-45A9-B396-E854F999CFF7}.ReleaseStatic|x64.ActiveCfg = ReleaseStatic|Win32
		{7035D4DC-7A4D-40FA-BFF7-030700A05F3A}.Debug Unicode|Any CPU.ActiveCfg = Debug|Win32
		{7035D4DC-7A4D-40FA-BFF7-030700A05F3A}.Debug Unicode|Mixed Platforms.ActiveCfg = Debug|Win32
		{7035D4DC-7A4D-40FA-BFF7-030700A05F3A}.Debug Unicode|Mixed Platforms.Build.0 = Debug|Win32
		{7035D4DC-7A4D-40FA-BFF7-030700A05F3A}.Debug Unicode|Win32.ActiveCfg = Debug|Win32
		{7035D4DC-7A4D-40FA-BFF7-030700A05F3A}.Debug Unicode|Win32.Build.0 = Debug|Win32
		{7035D4DC-7A4D-40FA-BFF7-030700A05F3A}.Debug Unicode|x64.ActiveCfg = Debug|Win32
		{7035D4DC-7A4D-40FA-BFF7-030700A05F3A}.Debug|Any CPU.ActiveCfg = Debug|Win32
		{7035D4DC-7A4D-40FA-BFF7-030700A05F3A}.Debug|Mixed Platforms.ActiveCfg = Debug|Win32
		{7035D4DC-7A4D-40FA-BFF7-030700A05F3A}.Debug|Mixed Platforms.Build.0 = Debug|Win32
		{7035D4DC-7A4D-40FA-BFF7-030700A05F3A}.Debug|Win32.ActiveCfg = Debug|Win32
		{7035D4DC-7A4D-40FA-BFF7-030700A05F3A}.Debug|Win32.Build.0 = Debug|Win32
		{7035D4DC-7A4D-40FA-BFF7-030700A05F3A}.Debug|x64.ActiveCfg = Debug|Win32
		{7035D4DC-7A4D-40FA-BFF7-030700A05F3A}.Release Unicode|Any CPU.ActiveCfg = Release|Win32
		{7035D4DC-7A4D-40FA-BFF7-030700A05F3A}.Release Unicode|Mixed Platforms.ActiveCfg = Release|Win32
		{7035D4DC-7A4D-40FA-BFF7-030700A05F3A}.Release Unicode|Mixed Platforms.Build.0 = Release|Win32
		{7035D4DC-7A4D-40FA-BFF7-030700A05F3A}.Release Unicode|Win32.ActiveCfg = Release|Win32
		{7035D4DC-7A4D-40FA-BFF7-030700A05F3A}.Release Unicode|Win32.Build.0 = Release|Win32
		{7035D4DC-7A4D-40FA-BFF7-030700A05F3A}.Release Unicode|x64.ActiveCfg = Release|Win32
		{7035D4DC-7A4D-40FA-BFF7-030700A05F3A}.Release|Any CPU.ActiveCfg = Release|Win32
		{7035D4DC-7A4D-40FA-BFF7-030700A05F3A}.Release|Mixed Platforms.ActiveCfg = Release|Win32
		{7035D4DC-7A4D-40FA-BFF7-030700A05F3A}.Release|Mixed Platforms.Build.0 = Release|Win32
		{7035D4DC-7A4D-40FA-BFF7-030700A05F3A}.Release|Win32.ActiveCfg = Release|Win32
		{7035D4DC-7A4D-40FA-BFF7-030700A05F3A}.Release|Win32.Build.0 = Release|Win32
		{7035D4DC-7A4D-40FA-BFF7-030700A05F3A}.Release|x64.ActiveCfg = Release|Win32
		{7035D4DC-7A4D-40FA-BFF7-030700A05F3A}.ReleaseStatic|Any CPU.ActiveCfg = Release|Win32
		{7035D4DC-7A4D-40FA-BFF7-030700A05F3A}.ReleaseStatic|Mixed Platforms.ActiveCfg = Release|Win32
		{7035D4DC-7A4D-40FA-BFF7-030700A05F3A}.ReleaseStatic|Mixed Platforms.Build.0 = Release|Win32
		{7035D4DC-7A4D-40FA-BFF7-030700A05F3A}.ReleaseStatic|Win32.ActiveCfg = Release|Win32
		{7035D4DC-7A4D-40FA-BFF7-030700A05F3A}.ReleaseStatic|Win32.Build.0 = Release|Win32
		{7035D4DC-7A4D-40FA-BFF7-030700A05F3A}.ReleaseStatic|x64.ActiveCfg = Release|Win32
		{3CC02258-49BD-4F14-B9C9-3BF4876FDD5B}.Debug Unicode|Any CPU.ActiveCfg = Debug|Any CPU
		{3CC02258-49BD-4F14-B9C9-3BF4876FDD5B}.Debug Unicode|Any CPU.Build.0 = Debug|Any CPU
		{3CC02258-49BD-4F14-B9C9-3BF4876FDD5B}.Debug Unicode|Mixed Platforms.ActiveCfg = Debug|Any CPU
		{3CC02258-49BD-4F14-B9C9-3BF4876FDD5B}.Debug Unicode|Mixed Platforms.Build.0 = Debug|Any CPU
		{3CC02258-49BD-4F14-B9C9-3BF4876FDD5B}.Debug Unicode|Win32.ActiveCfg = Debug|Any CPU
		{3CC02258-49BD-4F14-B9C9-3BF4876FDD5B}.Debug Unicode|x64.ActiveCfg = Debug|Any CPU
		{3CC02258-49BD-4F14-B9C9-3BF4876FDD5B}.Debug|Any CPU.ActiveCfg = Debug|Any CPU
		{3CC02258-49BD-4F14-B9C9-3BF4876FDD5B}.Debug|Any CPU.Build.0 = Debug|Any CPU
		{3CC02258-49BD-4F14-B9C9-3BF4876FDD5B}.Debug|Mixed Platforms.ActiveCfg = Debug|Any CPU
		{3CC02258-49BD-4F14-B9C9-3BF4876FDD5B}.Debug|Mixed Platforms.Build.0 = Debug|Any CPU
		{3CC02258-49BD-4F14-B9C9-3BF4876FDD5B}.Debug|Win32.ActiveCfg = Debug|Any CPU
		{3CC02258-49BD-4F14-B9C9-3BF4876FDD5B}.Debug|x64.ActiveCfg = Debug|Any CPU
		{3CC02258-49BD-4F14-B9C9-3BF4876FDD5B}.Release Unicode|Any CPU.ActiveCfg = Release|Any CPU
		{3CC02258-49BD-4F14-B9C9-3BF4876FDD5B}.Release Unicode|Any CPU.Build.0 = Release|Any CPU
		{3CC02258-49BD-4F14-B9C9-3BF4876FDD5B}.Release Unicode|Mixed Platforms.ActiveCfg = Release|Any CPU
		{3CC02258-49BD-4F14-B9C9-3BF4876FDD5B}.Release Unicode|Mixed Platforms.Build.0 = Release|Any CPU
		{3CC02258-49BD-4F14-B9C9-3BF4876FDD5B}.Release Unicode|Win32.ActiveCfg = Release|Any CPU
		{3CC02258-49BD-4F14-B9C9-3BF4876FDD5B}.Release Unicode|x64.ActiveCfg = Release|Any CPU
		{3CC02258-49BD-4F14-B9C9-3BF4876FDD5B}.Release|Any CPU.ActiveCfg = Release|Any CPU
		{3CC02258-49BD-4F14-B9C9-3BF4876FDD5B}.Release|Any CPU.Build.0 = Release|Any CPU
		{3CC02258-49BD-4F14-B9C9-3BF4876FDD5B}.Release|Mixed Platforms.ActiveCfg = Release|Any CPU
		{3CC02258-49BD-4F14-B9C9-3BF4876FDD5B}.Release|Mixed Platforms.Build.0 = Release|Any CPU
		{3CC02258-49BD-4F14-B9C9-3BF4876FDD5B}.Release|Win32.ActiveCfg = Release|Any CPU
		{3CC02258-49BD-4F14-B9C9-3BF4876FDD5B}.Release|x64.ActiveCfg = Release|Any CPU
		{3CC02258-49BD-4F14-B9C9-3BF4876FDD5B}.ReleaseStatic|Any CPU.ActiveCfg = Release|Any CPU
		{3CC02258-49BD-4F14-B9C9-3BF4876FDD5B}.ReleaseStatic|Any CPU.Build.0 = Release|Any CPU
		{3CC02258-49BD-4F14-B9C9-3BF4876FDD5B}.ReleaseStatic|Mixed Platforms.ActiveCfg = Release|Any CPU
		{3CC02258-49BD-4F14-B9C9-3BF4876FDD5B}.ReleaseStatic|Mixed Platforms.Build.0 = Release|Any CPU
		{3CC02258-49BD-4F14-B9C9-3BF4876FDD5B}.ReleaseStatic|Win32.ActiveCfg = Release|Any CPU
		{3CC02258-49BD-4F14-B9C9-3BF4876FDD5B}.ReleaseStatic|x64.ActiveCfg = Release|Any CPU
		{B34EABB1-6DA2-40EB-A803-0E72B12B73D7}.Debug Unicode|Any CPU.ActiveCfg = Debug|Any CPU
		{B34EABB1-6DA2-40EB-A803-0E72B12B73D7}.Debug Unicode|Any CPU.Build.0 = Debug|Any CPU
		{B34EABB1-6DA2-40EB-A803-0E72B12B73D7}.Debug Unicode|Mixed Platforms.ActiveCfg = Debug|Any CPU
		{B34EABB1-6DA2-40EB-A803-0E72B12B73D7}.Debug Unicode|Mixed Platforms.Build.0 = Debug|Any CPU
		{B34EABB1-6DA2-40EB-A803-0E72B12B73D7}.Debug Unicode|Win32.ActiveCfg = Debug|Any CPU
		{B34EABB1-6DA2-40EB-A803-0E72B12B73D7}.Debug Unicode|x64.ActiveCfg = Debug|Any CPU
		{B34EABB1-6DA2-40EB-A803-0E72B12B73D7}.Debug|Any CPU.ActiveCfg = Debug|Any CPU
		{B34EABB1-6DA2-40EB-A803-0E72B12B73D7}.Debug|Any CPU.Build.0 = Debug|Any CPU
		{B34EABB1-6DA2-40EB-A803-0E72B12B73D7}.Debug|Mixed Platforms.ActiveCfg = Debug|Any CPU
		{B34EABB1-6DA2-40EB-A803-0E72B12B73D7}.Debug|Mixed Platforms.Build.0 = Debug|Any CPU
		{B34EABB1-6DA2-40EB-A803-0E72B12B73D7}.Debug|Win32.ActiveCfg = Debug|Any CPU
		{B34EABB1-6DA2-40EB-A803-0E72B12B73D7}.Debug|x64.ActiveCfg = Debug|Any CPU
		{B34EABB1-6DA2-40EB-A803-0E72B12B73D7}.Release Unicode|Any CPU.ActiveCfg = Release|Any CPU
		{B34EABB1-6DA2-40EB-A803-0E72B12B73D7}.Release Unicode|Any CPU.Build.0 = Release|Any CPU
		{B34EABB1-6DA2-40EB-A803-0E72B12B73D7}.Release Unicode|Mixed Platforms.ActiveCfg = Release|Any CPU
		{B34EABB1-6DA2-40EB-A803-0E72B12B73D7}.Release Unicode|Mixed Platforms.Build.0 = Release|Any CPU
		{B34EABB1-6DA2-40EB-A803-0E72B12B73D7}.Release Unicode|Win32.ActiveCfg = Release|Any CPU
		{B34EABB1-6DA2-40EB-A803-0E72B12B73D7}.Release Unicode|x64.ActiveCfg = Release|Any CPU
		{B34EABB1-6DA2-40EB-A803-0E72B12B73D7}.Release|Any CPU.ActiveCfg = Release|Any CPU
		{B34EABB1-6DA2-40EB-A803-0E72B12B73D7}.Release|Any CPU.Build.0 = Release|Any CPU
		{B34EABB1-6DA2-40EB-A803-0E72B12B73D7}.Release|Mixed Platforms.ActiveCfg = Release|Any CPU
		{B34EABB1-6DA2-40EB-A803-0E72B12B73D7}.Release|Mixed Platforms.Build.0 = Release|Any CPU
		{B34EABB1-6DA2-40EB-A803-0E72B12B73D7}.Release|Win32.ActiveCfg = Release|Any CPU
		{B34EABB1-6DA2-40EB-A803-0E72B12B73D7}.Release|x64.ActiveCfg = Release|Any CPU
		{B34EABB1-6DA2-40EB-A803-0E72B12B73D7}.ReleaseStatic|Any CPU.ActiveCfg = Release|Any CPU
		{B34EABB1-6DA2-40EB-A803-0E72B12B73D7}.ReleaseStatic|Any CPU.Build.0 = Release|Any CPU
		{B34EABB1-6DA2-40EB-A803-0E72B12B73D7}.ReleaseStatic|Mixed Platforms.ActiveCfg = Release|Any CPU
		{B34EABB1-6DA2-40EB-A803-0E72B12B73D7}.ReleaseStatic|Mixed Platforms.Build.0 = Release|Any CPU
		{B34EABB1-6DA2-40EB-A803-0E72B12B73D7}.ReleaseStatic|Win32.ActiveCfg = Release|Any CPU
		{B34EABB1-6DA2-40EB-A803-0E72B12B73D7}.ReleaseStatic|x64.ActiveCfg = Release|Any CPU
		{60D63EB5-BBAE-43F6-A843-05F0AA72CD85}.Debug Unicode|Any CPU.ActiveCfg = Debug|Any CPU
		{60D63EB5-BBAE-43F6-A843-05F0AA72CD85}.Debug Unicode|Any CPU.Build.0 = Debug|Any CPU
		{60D63EB5-BBAE-43F6-A843-05F0AA72CD85}.Debug Unicode|Mixed Platforms.ActiveCfg = Debug|Any CPU
		{60D63EB5-BBAE-43F6-A843-05F0AA72CD85}.Debug Unicode|Mixed Platforms.Build.0 = Debug|Any CPU
		{60D63EB5-BBAE-43F6-A843-05F0AA72CD85}.Debug Unicode|Win32.ActiveCfg = Debug|Any CPU
		{60D63EB5-BBAE-43F6-A843-05F0AA72CD85}.Debug Unicode|x64.ActiveCfg = Debug|Any CPU
		{60D63EB5-BBAE-43F6-A843-05F0AA72CD85}.Debug|Any CPU.ActiveCfg = Debug|Any CPU
		{60D63EB5-BBAE-43F6-A843-05F0AA72CD85}.Debug|Any CPU.Build.0 = Debug|Any CPU
		{60D63EB5-BBAE-43F6-A843-05F0AA72CD85}.Debug|Mixed Platforms.ActiveCfg = Debug|Any CPU
		{60D63EB5-BBAE-43F6-A843-05F0AA72CD85}.Debug|Mixed Platforms.Build.0 = Debug|Any CPU
		{60D63EB5-BBAE-43F6-A843-05F0AA72CD85}.Debug|Win32.ActiveCfg = Debug|Any CPU
		{60D63EB5-BBAE-43F6-A843-05F0AA72CD85}.Debug|x64.ActiveCfg = Debug|Any CPU
		{60D63EB5-BBAE-43F6-A843-05F0AA72CD85}.Release Unicode|Any CPU.ActiveCfg = Release|Any CPU
		{60D63EB5-BBAE-43F6-A843-05F0AA72CD85}.Release Unicode|Any CPU.Build.0 = Release|Any CPU
		{60D63EB5-BBAE-43F6-A843-05F0AA72CD85}.Release Unicode|Mixed Platforms.ActiveCfg = Release|Any CPU
		{60D63EB5-BBAE-43F6-A843-05F0AA72CD85}.Release Unicode|Mixed Platforms.Build.0 = Release|Any CPU
		{60D63EB5-BBAE-43F6-A843-05F0AA72CD85}.Release Unicode|Win32.ActiveCfg = Release|Any CPU
		{60D63EB5-BBAE-43F6-A843-05F0AA72CD85}.Release Unicode|x64.ActiveCfg = Release|Any CPU
		{60D63EB5-BBAE-43F6-A843-05F0AA72CD85}.Release|Any CPU.ActiveCfg = Release|Any CPU
		{60D63EB5-BBAE-43F6-A843-05F0AA72CD85}.Release|Any CPU.Build.0 = Release|Any CPU
		{60D63EB5-BBAE-43F6-A843-05F0AA72CD85}.Release|Mixed Platforms.ActiveCfg = Release|Any CPU
		{60D63EB5-BBAE-43F6-A843-05F0AA72CD85}.Release|Mixed Platforms.Build.0 = Release|Any CPU
		{60D63EB5-BBAE-43F6-A843-05F0AA72CD85}.Release|Win32.ActiveCfg = Release|Any CPU
		{60D63EB5-BBAE-43F6-A843-05F0AA72CD85}.Release|x64.ActiveCfg = Release|Any CPU
		{60D63EB5-BBAE-43F6-A843-05F0AA72CD85}.ReleaseStatic|Any CPU.ActiveCfg = Release|Any CPU
		{60D63EB5-BBAE-43F6-A843-05F0AA72CD85}.ReleaseStatic|Any CPU.Build.0 = Release|Any CPU
		{60D63EB5-BBAE-43F6-A843-05F0AA72CD85}.ReleaseStatic|Mixed Platforms.ActiveCfg = Release|Any CPU
		{60D63EB5-BBAE-43F6-A843-05F0AA72CD85}.ReleaseStatic|Mixed Platforms.Build.0 = Release|Any CPU
		{60D63EB5-BBAE-43F6-A843-05F0AA72CD85}.ReleaseStatic|Win32.ActiveCfg = Release|Any CPU
		{60D63EB5-BBAE-43F6-A843-05F0AA72CD85}.ReleaseStatic|x64.ActiveCfg = Release|Any CPU
		{9FE55591-E1CC-4002-B5A4-146577F2260D}.Debug Unicode|Any CPU.ActiveCfg = Debug|Any CPU
		{9FE55591-E1CC-4002-B5A4-146577F2260D}.Debug Unicode|Any CPU.Build.0 = Debug|Any CPU
		{9FE55591-E1CC-4002-B5A4-146577F2260D}.Debug Unicode|Mixed Platforms.ActiveCfg = Debug|Any CPU
		{9FE55591-E1CC-4002-B5A4-146577F2260D}.Debug Unicode|Mixed Platforms.Build.0 = Debug|Any CPU
		{9FE55591-E1CC-4002-B5A4-146577F2260D}.Debug Unicode|Win32.ActiveCfg = Debug|Any CPU
		{9FE55591-E1CC-4002-B5A4-146577F2260D}.Debug Unicode|x64.ActiveCfg = Debug|Any CPU
		{9FE55591-E1CC-4002-B5A4-146577F2260D}.Debug|Any CPU.ActiveCfg = Debug|Any CPU
		{9FE55591-E1CC-4002-B5A4-146577F2260D}.Debug|Any CPU.Build.0 = Debug|Any CPU
		{9FE55591-E1CC-4002-B5A4-146577F2260D}.Debug|Mixed Platforms.ActiveCfg = Debug|Any CPU
		{9FE55591-E1CC-4002-B5A4-146577F2260D}.Debug|Mixed Platforms.Build.0 = Debug|Any CPU
		{9FE55591-E1CC-4002-B5A4-146577F2260D}.Debug|Win32.ActiveCfg = Debug|Any CPU
		{9FE55591-E1CC-4002-B5A4-146577F2260D}.Debug|x64.ActiveCfg = Debug|Any CPU
		{9FE55591-E1CC-4002-B5A4-146577F2260D}.Release Unicode|Any CPU.ActiveCfg = Release|Any CPU
		{9FE55591-E1CC-4002-B5A4-146577F2260D}.Release Unicode|Any CPU.Build.0 = Release|Any CPU
		{9FE55591-E1CC-4002-B5A4-146577F2260D}.Release Unicode|Mixed Platforms.ActiveCfg = Release|Any CPU
		{9FE55591-E1CC-4002-B5A4-146577F2260D}.Release Unicode|Mixed Platforms.Build.0 = Release|Any CPU
		{9FE55591-E1CC-4002-B5A4-146577F2260D}.Release Unicode|Win32.ActiveCfg = Release|Any CPU
		{9FE55591-E1CC-4002-B5A4-146577F2260D}.Release Unicode|x64.ActiveCfg = Release|Any CPU
		{9FE55591-E1CC-4002-B5A4-146577F2260D}.Release|Any CPU.ActiveCfg = Release|Any CPU
		{9FE55591-E1CC-4002-B5A4-146577F2260D}.Release|Any CPU.Build.0 = Release|Any CPU
		{9FE55591-E1CC-4002-B5A4-146577F2260D}.Release|Mixed Platforms.ActiveCfg = Release|Any CPU
		{9FE55591-E1CC-4002-B5A4-146577F2260D}.Release|Mixed Platforms.Build.0 = Release|Any CPU
		{9FE55591-E1CC-4002-B5A4-146577F2260D}.Release|Win32.ActiveCfg = Release|Any CPU
		{9FE55591-E1CC-4002-B5A4-146577F2260D}.Release|x64.ActiveCfg = Release|Any CPU
		{9FE55591-E1CC-4002-B5A4-146577F2260D}.ReleaseStatic|Any CPU.ActiveCfg = Release|Any CPU
		{9FE55591-E1CC-4002-B5A4-146577F2260D}.ReleaseStatic|Any CPU.Build.0 = Release|Any CPU
		{9FE55591-E1CC-4002-B5A4-146577F2260D}.ReleaseStatic|Mixed Platforms.ActiveCfg = Release|Any CPU
		{9FE55591-E1CC-4002-B5A4-146577F2260D}.ReleaseStatic|Mixed Platforms.Build.0 = Release|Any CPU
		{9FE55591-E1CC-4002-B5A4-146577F2260D}.ReleaseStatic|Win32.ActiveCfg = Release|Any CPU
		{9FE55591-E1CC-4002-B5A4-146577F2260D}.ReleaseStatic|x64.ActiveCfg = Release|Any CPU
		{5EFFCD42-08BD-4658-BE7C-531E54EBB756}.Debug Unicode|Any CPU.ActiveCfg = Debug|Any CPU
		{5EFFCD42-08BD-4658-BE7C-531E54EBB756}.Debug Unicode|Any CPU.Build.0 = Debug|Any CPU
		{5EFFCD42-08BD-4658-BE7C-531E54EBB756}.Debug Unicode|Mixed Platforms.ActiveCfg = Debug|Any CPU
		{5EFFCD42-08BD-4658-BE7C-531E54EBB756}.Debug Unicode|Mixed Platforms.Build.0 = Debug|Any CPU
		{5EFFCD42-08BD-4658-BE7C-531E54EBB756}.Debug Unicode|Win32.ActiveCfg = Debug|Any CPU
		{5EFFCD42-08BD-4658-BE7C-531E54EBB756}.Debug Unicode|x64.ActiveCfg = Debug|Any CPU
		{5EFFCD42-08BD-4658-BE7C-531E54EBB756}.Debug|Any CPU.ActiveCfg = Debug|Any CPU
		{5EFFCD42-08BD-4658-BE7C-531E54EBB756}.Debug|Any CPU.Build.0 = Debug|Any CPU
		{5EFFCD42-08BD-4658-BE7C-531E54EBB756}.Debug|Mixed Platforms.ActiveCfg = Debug|Any CPU
		{5EFFCD42-08BD-4658-BE7C-531E54EBB756}.Debug|Mixed Platforms.Build.0 = Debug|Any CPU
		{5EFFCD42-08BD-4658-BE7C-531E54EBB756}.Debug|Win32.ActiveCfg = Debug|Any CPU
		{5EFFCD42-08BD-4658-BE7C-531E54EBB756}.Debug|x64.ActiveCfg = Debug|Any CPU
		{5EFFCD42-08BD-4658-BE7C-531E54EBB756}.Release Unicode|Any CPU.ActiveCfg = Release|Any CPU
		{5EFFCD42-08BD-4658-BE7C-531E54EBB756}.Release Unicode|Any CPU.Build.0 = Release|Any CPU
		{5EFFCD42-08BD-4658-BE7C-531E54EBB756}.Release Unicode|Mixed Platforms.ActiveCfg = Release|Any CPU
		{5EFFCD42-08BD-4658-BE7C-531E54EBB756}.Release Unicode|Mixed Platforms.Build.0 = Release|Any CPU
		{5EFFCD42-08BD-4658-BE7C-531E54EBB756}.Release Unicode|Win32.ActiveCfg = Release|Any CPU
		{5EFFCD42-08BD-4658-BE7C-531E54EBB756}.Release Unicode|x64.ActiveCfg = Release|Any CPU
		{5EFFCD42-08BD-4658-BE7C-531E54EBB756}.Release|Any CPU.ActiveCfg = Release|Any CPU
		{5EFFCD42-08BD-4658-BE7C-531E54EBB756}.Release|Any CPU.Build.0 = Release|Any CPU
		{5EFFCD42-08BD-4658-BE7C-531E54EBB756}.Release|Mixed Platforms.ActiveCfg = Release|Any CPU
		{5EFFCD42-08BD-4658-BE7C-531E54EBB756}.Release|Mixed Platforms.Build.0 = Release|Any CPU
		{5EFFCD42-08BD-4658-BE7C-531E54EBB756}.Release|Win32.ActiveCfg = Release|Any CPU
		{5EFFCD42-08BD-4658-BE7C-531E54EBB756}.Release|x64.ActiveCfg = Release|Any CPU
		{5EFFCD42-08BD-4658-BE7C-531E54EBB756}.ReleaseStatic|Any CPU.ActiveCfg = Release|Any CPU
		{5EFFCD42-08BD-4658-BE7C-531E54EBB756}.ReleaseStatic|Any CPU.Build.0 = Release|Any CPU
		{5EFFCD42-08BD-4658-BE7C-531E54EBB756}.ReleaseStatic|Mixed Platforms.ActiveCfg = Release|Any CPU
		{5EFFCD42-08BD-4658-BE7C-531E54EBB756}.ReleaseStatic|Mixed Platforms.Build.0 = Release|Any CPU
		{5EFFCD42-08BD-4658-BE7C-531E54EBB756}.ReleaseStatic|Win32.ActiveCfg = Release|Any CPU
		{5EFFCD42-08BD-4658-BE7C-531E54EBB756}.ReleaseStatic|x64.ActiveCfg = Release|Any CPU
		{6942326E-3F71-46BC-82DB-1129E6E497F7}.Debug Unicode|Any CPU.ActiveCfg = Debug|Win32
		{6942326E-3F71-46BC-82DB-1129E6E497F7}.Debug Unicode|Mixed Platforms.ActiveCfg = Debug|Win32
		{6942326E-3F71-46BC-82DB-1129E6E497F7}.Debug Unicode|Mixed Platforms.Build.0 = Debug|Win32
		{6942326E-3F71-46BC-82DB-1129E6E497F7}.Debug Unicode|Win32.ActiveCfg = Debug|Win32
		{6942326E-3F71-46BC-82DB-1129E6E497F7}.Debug Unicode|Win32.Build.0 = Debug|Win32
		{6942326E-3F71-46BC-82DB-1129E6E497F7}.Debug Unicode|x64.ActiveCfg = Debug|Win32
		{6942326E-3F71-46BC-82DB-1129E6E497F7}.Debug|Any CPU.ActiveCfg = Debug|Win32
		{6942326E-3F71-46BC-82DB-1129E6E497F7}.Debug|Mixed Platforms.ActiveCfg = Debug|Win32
		{6942326E-3F71-46BC-82DB-1129E6E497F7}.Debug|Mixed Platforms.Build.0 = Debug|Win32
		{6942326E-3F71-46BC-82DB-1129E6E497F7}.Debug|Win32.ActiveCfg = Debug|Win32
		{6942326E-3F71-46BC-82DB-1129E6E497F7}.Debug|Win32.Build.0 = Debug|Win32
		{6942326E-3F71-46BC-82DB-1129E6E497F7}.Debug|x64.ActiveCfg = Debug|Win32
		{6942326E-3F71-46BC-82DB-1129E6E497F7}.Release Unicode|Any CPU.ActiveCfg = Release|Win32
		{6942326E-3F71-46BC-82DB-1129E6E497F7}.Release Unicode|Mixed Platforms.ActiveCfg = Release|Win32
		{6942326E-3F71-46BC-82DB-1129E6E497F7}.Release Unicode|Mixed Platforms.Build.0 = Release|Win32
		{6942326E-3F71-46BC-82DB-1129E6E497F7}.Release Unicode|Win32.ActiveCfg = Release|Win32
		{6942326E-3F71-46BC-82DB-1129E6E497F7}.Release Unicode|Win32.Build.0 = Release|Win32
		{6942326E-3F71-46BC-82DB-1129E6E497F7}.Release Unicode|x64.ActiveCfg = Release|Win32
		{6942326E-3F71-46BC-82DB-1129E6E497F7}.Release|Any CPU.ActiveCfg = Release|Win32
		{6942326E-3F71-46BC-82DB-1129E6E497F7}.Release|Mixed Platforms.ActiveCfg = Release|Win32
		{6942326E-3F71-46BC-82DB-1129E6E497F7}.Release|Mixed Platforms.Build.0 = Release|Win32
		{6942326E-3F71-46BC-82DB-1129E6E497F7}.Release|Win32.ActiveCfg = Release|Win32
		{6942326E-3F71-46BC-82DB-1129E6E497F7}.Release|Win32.Build.0 = Release|Win32
		{6942326E-3F71-46BC-82DB-1129E6E497F7}.Release|x64.ActiveCfg = Release|Win32
		{6942326E-3F71-46BC-82DB-1129E6E497F7}.ReleaseStatic|Any CPU.ActiveCfg = Release|Win32
		{6942326E-3F71-46BC-82DB-1129E6E497F7}.ReleaseStatic|Mixed Platforms.ActiveCfg = Release|Win32
		{6942326E-3F71-46BC-82DB-1129E6E497F7}.ReleaseStatic|Mixed Platforms.Build.0 = Release|Win32
		{6942326E-3F71-46BC-82DB-1129E6E497F7}.ReleaseStatic|Win32.ActiveCfg = Release|Win32
		{6942326E-3F71-46BC-82DB-1129E6E497F7}.ReleaseStatic|Win32.Build.0 = Release|Win32
		{6942326E-3F71-46BC-82DB-1129E6E497F7}.ReleaseStatic|x64.ActiveCfg = Release|Win32
		{378D2F56-DA58-4144-819C-48F0E6217D2B}.Debug Unicode|Any CPU.ActiveCfg = Debug|Any CPU
		{378D2F56-DA58-4144-819C-48F0E6217D2B}.Debug Unicode|Any CPU.Build.0 = Debug|Any CPU
		{378D2F56-DA58-4144-819C-48F0E6217D2B}.Debug Unicode|Mixed Platforms.ActiveCfg = Debug|Any CPU
		{378D2F56-DA58-4144-819C-48F0E6217D2B}.Debug Unicode|Mixed Platforms.Build.0 = Debug|Any CPU
		{378D2F56-DA58-4144-819C-48F0E6217D2B}.Debug Unicode|Win32.ActiveCfg = Debug|Any CPU
		{378D2F56-DA58-4144-819C-48F0E6217D2B}.Debug Unicode|x64.ActiveCfg = Debug|Any CPU
		{378D2F56-DA58-4144-819C-48F0E6217D2B}.Debug|Any CPU.ActiveCfg = Debug|Any CPU
		{378D2F56-DA58-4144-819C-48F0E6217D2B}.Debug|Any CPU.Build.0 = Debug|Any CPU
		{378D2F56-DA58-4144-819C-48F0E6217D2B}.Debug|Mixed Platforms.ActiveCfg = Debug|Any CPU
		{378D2F56-DA58-4144-819C-48F0E6217D2B}.Debug|Mixed Platforms.Build.0 = Debug|Any CPU
		{378D2F56-DA58-4144-819C-48F0E6217D2B}.Debug|Win32.ActiveCfg = Debug|Any CPU
		{378D2F56-DA58-4144-819C-48F0E6217D2B}.Debug|x64.ActiveCfg = Debug|Any CPU
		{378D2F56-DA58-4144-819C-48F0E6217D2B}.Release Unicode|Any CPU.ActiveCfg = Release|Any CPU
		{378D2F56-DA58-4144-819C-48F0E6217D2B}.Release Unicode|Any CPU.Build.0 = Release|Any CPU
		{378D2F56-DA58-4144-819C-48F0E6217D2B}.Release Unicode|Mixed Platforms.ActiveCfg = Release|Any CPU
		{378D2F56-DA58-4144-819C-48F0E6217D2B}.Release Unicode|Mixed Platforms.Build.0 = Release|Any CPU
		{378D2F56-DA58-4144-819C-48F0E6217D2B}.Release Unicode|Win32.ActiveCfg = Release|Any CPU
		{378D2F56-DA58-4144-819C-48F0E6217D2B}.Release Unicode|x64.ActiveCfg = Release|Any CPU
		{378D2F56-DA58-4144-819C-48F0E6217D2B}.Release|Any CPU.ActiveCfg = Release|Any CPU
		{378D2F56-DA58-4144-819C-48F0E6217D2B}.Release|Any CPU.Build.0 = Release|Any CPU
		{378D2F56-DA58-4144-819C-48F0E6217D2B}.Release|Mixed Platforms.ActiveCfg = Release|Any CPU
		{378D2F56-DA58-4144-819C-48F0E6217D2B}.Release|Mixed Platforms.Build.0 = Release|Any CPU
		{378D2F56-DA58-4144-819C-48F0E6217D2B}.Release|Win32.ActiveCfg = Release|Any CPU
		{378D2F56-DA58-4144-819C-48F0E6217D2B}.Release|x64.ActiveCfg = Release|Any CPU
		{378D2F56-DA58-4144-819C-48F0E6217D2B}.ReleaseStatic|Any CPU.ActiveCfg = Release|Any CPU
		{378D2F56-DA58-4144-819C-48F0E6217D2B}.ReleaseStatic|Any CPU.Build.0 = Release|Any CPU
		{378D2F56-DA58-4144-819C-48F0E6217D2B}.ReleaseStatic|Mixed Platforms.ActiveCfg = Release|Any CPU
		{378D2F56-DA58-4144-819C-48F0E6217D2B}.ReleaseStatic|Mixed Platforms.Build.0 = Release|Any CPU
		{378D2F56-DA58-4144-819C-48F0E6217D2B}.ReleaseStatic|Win32.ActiveCfg = Release|Any CPU
		{378D2F56-DA58-4144-819C-48F0E6217D2B}.ReleaseStatic|x64.ActiveCfg = Release|Any CPU
		{AE3AFB8C-EAF1-4BCD-BAE6-0630A79F6883}.Debug Unicode|Any CPU.ActiveCfg = Debug|Win32
		{AE3AFB8C-EAF1-4BCD-BAE6-0630A79F6883}.Debug Unicode|Mixed Platforms.ActiveCfg = Debug|Win32
		{AE3AFB8C-EAF1-4BCD-BAE6-0630A79F6883}.Debug Unicode|Mixed Platforms.Build.0 = Debug|Win32
		{AE3AFB8C-EAF1-4BCD-BAE6-0630A79F6883}.Debug Unicode|Win32.ActiveCfg = Debug|Win32
		{AE3AFB8C-EAF1-4BCD-BAE6-0630A79F6883}.Debug Unicode|Win32.Build.0 = Debug|Win32
		{AE3AFB8C-EAF1-4BCD-BAE6-0630A79F6883}.Debug Unicode|x64.ActiveCfg = Debug|x64
		{AE3AFB8C-EAF1-4BCD-BAE6-0630A79F6883}.Debug Unicode|x64.Build.0 = Debug|x64
		{AE3AFB8C-EAF1-4BCD-BAE6-0630A79F6883}.Debug|Any CPU.ActiveCfg = Debug|Win32
		{AE3AFB8C-EAF1-4BCD-BAE6-0630A79F6883}.Debug|Mixed Platforms.ActiveCfg = Debug|Win32
		{AE3AFB8C-EAF1-4BCD-BAE6-0630A79F6883}.Debug|Mixed Platforms.Build.0 = Debug|Win32
		{AE3AFB8C-EAF1-4BCD-BAE6-0630A79F6883}.Debug|Win32.ActiveCfg = Debug|Win32
		{AE3AFB8C-EAF1-4BCD-BAE6-0630A79F6883}.Debug|Win32.Build.0 = Debug|Win32
		{AE3AFB8C-EAF1-4BCD-BAE6-0630A79F6883}.Debug|x64.ActiveCfg = Debug|x64
		{AE3AFB8C-EAF1-4BCD-BAE6-0630A79F6883}.Debug|x64.Build.0 = Debug|x64
		{AE3AFB8C-EAF1-4BCD-BAE6-0630A79F6883}.Release Unicode|Any CPU.ActiveCfg = Release|Win32
		{AE3AFB8C-EAF1-4BCD-BAE6-0630A79F6883}.Release Unicode|Mixed Platforms.ActiveCfg = Release|Win32
		{AE3AFB8C-EAF1-4BCD-BAE6-0630A79F6883}.Release Unicode|Mixed Platforms.Build.0 = Release|Win32
		{AE3AFB8C-EAF1-4BCD-BAE6-0630A79F6883}.Release Unicode|Win32.ActiveCfg = Release|Win32
		{AE3AFB8C-EAF1-4BCD-BAE6-0630A79F6883}.Release Unicode|Win32.Build.0 = Release|Win32
		{AE3AFB8C-EAF1-4BCD-BAE6-0630A79F6883}.Release Unicode|x64.ActiveCfg = Release|x64
		{AE3AFB8C-EAF1-4BCD-BAE6-0630A79F6883}.Release Unicode|x64.Build.0 = Release|x64
		{AE3AFB8C-EAF1-4BCD-BAE6-0630A79F6883}.Release|Any CPU.ActiveCfg = Release|Win32
		{AE3AFB8C-EAF1-4BCD-BAE6-0630A79F6883}.Release|Mixed Platforms.ActiveCfg = Release|Win32
		{AE3AFB8C-EAF1-4BCD-BAE6-0630A79F6883}.Release|Mixed Platforms.Build.0 = Release|Win32
		{AE3AFB8C-EAF1-4BCD-BAE6-0630A79F6883}.Release|Win32.ActiveCfg = Release|Win32
		{AE3AFB8C-EAF1-4BCD-BAE6-0630A79F6883}.Release|Win32.Build.0 = Release|Win32
		{AE3AFB8C-EAF1-4BCD-BAE6-0630A79F6883}.Release|x64.ActiveCfg = Release|x64
		{AE3AFB8C-EAF1-4BCD-BAE6-0630A79F6883}.Release|x64.Build.0 = Release|x64
		{AE3AFB8C-EAF1-4BCD-BAE6-0630A79F6883}.ReleaseStatic|Any CPU.ActiveCfg = Release|Win32
		{AE3AFB8C-EAF1-4BCD-BAE6-0630A79F6883}.ReleaseStatic|Mixed Platforms.ActiveCfg = Release|Win32
		{AE3AFB8C-EAF1-4BCD-BAE6-0630A79F6883}.ReleaseStatic|Mixed Platforms.Build.0 = Release|Win32
		{AE3AFB8C-EAF1-4BCD-BAE6-0630A79F6883}.ReleaseStatic|Win32.ActiveCfg = Release|Win32
		{AE3AFB8C-EAF1-4BCD-BAE6-0630A79F6883}.ReleaseStatic|Win32.Build.0 = Release|Win32
		{AE3AFB8C-EAF1-4BCD-BAE6-0630A79F6883}.ReleaseStatic|x64.ActiveCfg = Release|x64
		{AE3AFB8C-EAF1-4BCD-BAE6-0630A79F6883}.ReleaseStatic|x64.Build.0 = Release|x64
		{2F85A35F-531E-4C7E-9DBB-C5DE36A66491}.Debug Unicode|Any CPU.ActiveCfg = Debug|Win32
		{2F85A35F-531E-4C7E-9DBB-C5DE36A66491}.Debug Unicode|Mixed Platforms.ActiveCfg = Debug|Win32
		{2F85A35F-531E-4C7E-9DBB-C5DE36A66491}.Debug Unicode|Mixed Platforms.Build.0 = Debug|Win32
		{2F85A35F-531E-4C7E-9DBB-C5DE36A66491}.Debug Unicode|Win32.ActiveCfg = Debug|Win32
		{2F85A35F-531E-4C7E-9DBB-C5DE36A66491}.Debug Unicode|Win32.Build.0 = Debug|Win32
		{2F85A35F-531E-4C7E-9DBB-C5DE36A66491}.Debug Unicode|x64.ActiveCfg = Debug|x64
		{2F85A35F-531E-4C7E-9DBB-C5DE36A66491}.Debug Unicode|x64.Build.0 = Debug|x64
		{2F85A35F-531E-4C7E-9DBB-C5DE36A66491}.Debug|Any CPU.ActiveCfg = Debug|Win32
		{2F85A35F-531E-4C7E-9DBB-C5DE36A66491}.Debug|Mixed Platforms.ActiveCfg = Debug|Win32
		{2F85A35F-531E-4C7E-9DBB-C5DE36A66491}.Debug|Mixed Platforms.Build.0 = Debug|Win32
		{2F85A35F-531E-4C7E-9DBB-C5DE36A66491}.Debug|Win32.ActiveCfg = Debug|Win32
		{2F85A35F-531E-4C7E-9DBB-C5DE36A66491}.Debug|Win32.Build.0 = Debug|Win32
		{2F85A35F-531E-4C7E-9DBB-C5DE36A66491}.Debug|x64.ActiveCfg = Debug|x64
		{2F85A35F-531E-4C7E-9DBB-C5DE36A66491}.Debug|x64.Build.0 = Debug|x64
		{2F85A35F-531E-4C7E-9DBB-C5DE36A66491}.Release Unicode|Any CPU.ActiveCfg = Release|Win32
		{2F85A35F-531E-4C7E-9DBB-C5DE36A66491}.Release Unicode|Mixed Platforms.ActiveCfg = Release|Win32
		{2F85A35F-531E-4C7E-9DBB-C5DE36A66491}.Release Unicode|Mixed Platforms.Build.0 = Release|Win32
		{2F85A35F-531E-4C7E-9DBB-C5DE36A66491}.Release Unicode|Win32.ActiveCfg = Release|Win32
		{2F85A35F-531E-4C7E-9DBB-C5DE36A66491}.Release Unicode|Win32.Build.0 = Release|Win32
		{2F85A35F-531E-4C7E-9DBB-C5DE36A66491}.Release Unicode|x64.ActiveCfg = Release|x64
		{2F85A35F-531E-4C7E-9DBB-C5DE36A66491}.Release Unicode|x64.Build.0 = Release|x64
		{2F85A35F-531E-4C7E-9DBB-C5DE36A66491}.Release|Any CPU.ActiveCfg = Release|Win32
		{2F85A35F-531E-4C7E-9DBB-C5DE36A66491}.Release|Mixed Platforms.ActiveCfg = Release|Win32
		{2F85A35F-531E-4C7E-9DBB-C5DE36A66491}.Release|Mixed Platforms.Build.0 = Release|Win32
		{2F85A35F-531E-4C7E-9DBB-C5DE36A66491}.Release|Win32.ActiveCfg = Release|Win32
		{2F85A35F-531E-4C7E-9DBB-C5DE36A66491}.Release|Win32.Build.0 = Release|Win32
		{2F85A35F-531E-4C7E-9DBB-C5DE36A66491}.Release|x64.ActiveCfg = Release|x64
		{2F85A35F-531E-4C7E-9DBB-C5DE36A66491}.Release|x64.Build.0 = Release|x64
		{2F85A35F-531E-4C7E-9DBB-C5DE36A66491}.ReleaseStatic|Any CPU.ActiveCfg = Release|Win32
		{2F85A35F-531E-4C7E-9DBB-C5DE36A66491}.ReleaseStatic|Mixed Platforms.ActiveCfg = Release|Win32
		{2F85A35F-531E-4C7E-9DBB-C5DE36A66491}.ReleaseStatic|Mixed Platforms.Build.0 = Release|Win32
		{2F85A35F-531E-4C7E-9DBB-C5DE36A66491}.ReleaseStatic|Win32.ActiveCfg = Release|Win32
		{2F85A35F-531E-4C7E-9DBB-C5DE36A66491}.ReleaseStatic|Win32.Build.0 = Release|Win32
		{2F85A35F-531E-4C7E-9DBB-C5DE36A66491}.ReleaseStatic|x64.ActiveCfg = Release|x64
		{2F85A35F-531E-4C7E-9DBB-C5DE36A66491}.ReleaseStatic|x64.Build.0 = Release|x64
		{85BD9C70-402B-48D4-B1A9-2FB0484ADB4D}.Debug Unicode|Any CPU.ActiveCfg = Debug|Any CPU
		{85BD9C70-402B-48D4-B1A9-2FB0484ADB4D}.Debug Unicode|Any CPU.Build.0 = Debug|Any CPU
		{85BD9C70-402B-48D4-B1A9-2FB0484ADB4D}.Debug Unicode|Mixed Platforms.ActiveCfg = Debug|Any CPU
		{85BD9C70-402B-48D4-B1A9-2FB0484ADB4D}.Debug Unicode|Mixed Platforms.Build.0 = Debug|Any CPU
		{85BD9C70-402B-48D4-B1A9-2FB0484ADB4D}.Debug Unicode|Win32.ActiveCfg = Debug|Any CPU
		{85BD9C70-402B-48D4-B1A9-2FB0484ADB4D}.Debug Unicode|x64.ActiveCfg = Debug|Any CPU
		{85BD9C70-402B-48D4-B1A9-2FB0484ADB4D}.Debug|Any CPU.ActiveCfg = Debug|Any CPU
		{85BD9C70-402B-48D4-B1A9-2FB0484ADB4D}.Debug|Any CPU.Build.0 = Debug|Any CPU
		{85BD9C70-402B-48D4-B1A9-2FB0484ADB4D}.Debug|Mixed Platforms.ActiveCfg = Debug|Any CPU
		{85BD9C70-402B-48D4-B1A9-2FB0484ADB4D}.Debug|Mixed Platforms.Build.0 = Debug|Any CPU
		{85BD9C70-402B-48D4-B1A9-2FB0484ADB4D}.Debug|Win32.ActiveCfg = Debug|Any CPU
		{85BD9C70-402B-48D4-B1A9-2FB0484ADB4D}.Debug|x64.ActiveCfg = Debug|Any CPU
		{85BD9C70-402B-48D4-B1A9-2FB0484ADB4D}.Release Unicode|Any CPU.ActiveCfg = Release|Any CPU
		{85BD9C70-402B-48D4-B1A9-2FB0484ADB4D}.Release Unicode|Any CPU.Build.0 = Release|Any CPU
		{85BD9C70-402B-48D4-B1A9-2FB0484ADB4D}.Release Unicode|Mixed Platforms.ActiveCfg = Release|Any CPU
		{85BD9C70-402B-48D4-B1A9-2FB0484ADB4D}.Release Unicode|Mixed Platforms.Build.0 = Release|Any CPU
		{85BD9C70-402B-48D4-B1A9-2FB0484ADB4D}.Release Unicode|Win32.ActiveCfg = Release|Any CPU
		{85BD9C70-402B-48D4-B1A9-2FB0484ADB4D}.Release Unicode|x64.ActiveCfg = Release|Any CPU
		{85BD9C70-402B-48D4-B1A9-2FB0484ADB4D}.Release|Any CPU.ActiveCfg = Release|Any CPU
		{85BD9C70-402B-48D4-B1A9-2FB0484ADB4D}.Release|Any CPU.Build.0 = Release|Any CPU
		{85BD9C70-402B-48D4-B1A9-2FB0484ADB4D}.Release|Mixed Platforms.ActiveCfg = Release|Any CPU
		{85BD9C70-402B-48D4-B1A9-2FB0484ADB4D}.Release|Mixed Platforms.Build.0 = Release|Any CPU
		{85BD9C70-402B-48D4-B1A9-2FB0484ADB4D}.Release|Win32.ActiveCfg = Release|Any CPU
		{85BD9C70-402B-48D4-B1A9-2FB0484ADB4D}.Release|x64.ActiveCfg = Release|Any CPU
		{85BD9C70-402B-48D4-B1A9-2FB0484ADB4D}.ReleaseStatic|Any CPU.ActiveCfg = Release|Any CPU
		{85BD9C70-402B-48D4-B1A9-2FB0484ADB4D}.ReleaseStatic|Any CPU.Build.0 = Release|Any CPU
		{85BD9C70-402B-48D4-B1A9-2FB0484ADB4D}.ReleaseStatic|Mixed Platforms.ActiveCfg = Release|Any CPU
		{85BD9C70-402B-48D4-B1A9-2FB0484ADB4D}.ReleaseStatic|Mixed Platforms.Build.0 = Release|Any CPU
		{85BD9C70-402B-48D4-B1A9-2FB0484ADB4D}.ReleaseStatic|Win32.ActiveCfg = Release|Any CPU
		{85BD9C70-402B-48D4-B1A9-2FB0484ADB4D}.ReleaseStatic|x64.ActiveCfg = Release|Any CPU
		{1107CBA0-0F89-45EA-96C4-754543BF9F79}.Debug Unicode|Any CPU.ActiveCfg = Debug|Win32
		{1107CBA0-0F89-45EA-96C4-754543BF9F79}.Debug Unicode|Mixed Platforms.ActiveCfg = Debug|Win32
		{1107CBA0-0F89-45EA-96C4-754543BF9F79}.Debug Unicode|Mixed Platforms.Build.0 = Debug|Win32
		{1107CBA0-0F89-45EA-96C4-754543BF9F79}.Debug Unicode|Win32.ActiveCfg = Debug|Win32
		{1107CBA0-0F89-45EA-96C4-754543BF9F79}.Debug Unicode|Win32.Build.0 = Debug|Win32
		{1107CBA0-0F89-45EA-96C4-754543BF9F79}.Debug Unicode|x64.ActiveCfg = Debug|Win32
		{1107CBA0-0F89-45EA-96C4-754543BF9F79}.Debug|Any CPU.ActiveCfg = Debug|Win32
		{1107CBA0-0F89-45EA-96C4-754543BF9F79}.Debug|Mixed Platforms.ActiveCfg = Debug|Win32
		{1107CBA0-0F89-45EA-96C4-754543BF9F79}.Debug|Mixed Platforms.Build.0 = Debug|Win32
		{1107CBA0-0F89-45EA-96C4-754543BF9F79}.Debug|Win32.ActiveCfg = Debug|Win32
		{1107CBA0-0F89-45EA-96C4-754543BF9F79}.Debug|Win32.Build.0 = Debug|Win32
		{1107CBA0-0F89-45EA-96C4-754543BF9F79}.Debug|x64.ActiveCfg = Debug|Win32
		{1107CBA0-0F89-45EA-96C4-754543BF9F79}.Release Unicode|Any CPU.ActiveCfg = Release|Win32
		{1107CBA0-0F89-45EA-96C4-754543BF9F79}.Release Unicode|Mixed Platforms.ActiveCfg = Release|Win32
		{1107CBA0-0F89-45EA-96C4-754543BF9F79}.Release Unicode|Mixed Platforms.Build.0 = Release|Win32
		{1107CBA0-0F89-45EA-96C4-754543BF9F79}.Release Unicode|Win32.ActiveCfg = Release|Win32
		{1107CBA0-0F89-45EA-96C4-754543BF9F79}.Release Unicode|Win32.Build.0 = Release|Win32
		{1107CBA0-0F89-45EA-96C4-754543BF9F79}.Release Unicode|x64.ActiveCfg = Release|Win32
		{1107CBA0-0F89-45EA-96C4-754543BF9F79}.Release|Any CPU.ActiveCfg = Release|Win32
		{1107CBA0-0F89-45EA-96C4-754543BF9F79}.Release|Mixed Platforms.ActiveCfg = Release|Win32
		{1107CBA0-0F89-45EA-96C4-754543BF9F79}.Release|Mixed Platforms.Build.0 = Release|Win32
		{1107CBA0-0F89-45EA-96C4-754543BF9F79}.Release|Win32.ActiveCfg = Release|Win32
		{1107CBA0-0F89-45EA-96C4-754543BF9F79}.Release|Win32.Build.0 = Release|Win32
		{1107CBA0-0F89-45EA-96C4-754543BF9F79}.Release|x64.ActiveCfg = Release|Win32
		{1107CBA0-0F89-45EA-96C4-754543BF9F79}.ReleaseStatic|Any CPU.ActiveCfg = Release|Win32
		{1107CBA0-0F89-45EA-96C4-754543BF9F79}.ReleaseStatic|Mixed Platforms.ActiveCfg = Release|Win32
		{1107CBA0-0F89-45EA-96C4-754543BF9F79}.ReleaseStatic|Mixed Platforms.Build.0 = Release|Win32
		{1107CBA0-0F89-45EA-96C4-754543BF9F79}.ReleaseStatic|Win32.ActiveCfg = Release|Win32
		{1107CBA0-0F89-45EA-96C4-754543BF9F79}.ReleaseStatic|Win32.Build.0 = Release|Win32
		{1107CBA0-0F89-45EA-96C4-754543BF9F79}.ReleaseStatic|x64.ActiveCfg = Release|Win32
		{4DE361B6-03DD-4A90-9883-6B15B33E78D0}.Debug Unicode|Any CPU.ActiveCfg = Debug|Win32
		{4DE361B6-03DD-4A90-9883-6B15B33E78D0}.Debug Unicode|Mixed Platforms.ActiveCfg = Debug|Win32
		{4DE361B6-03DD-4A90-9883-6B15B33E78D0}.Debug Unicode|Mixed Platforms.Build.0 = Debug|Win32
		{4DE361B6-03DD-4A90-9883-6B15B33E78D0}.Debug Unicode|Win32.ActiveCfg = Debug|Win32
		{4DE361B6-03DD-4A90-9883-6B15B33E78D0}.Debug Unicode|Win32.Build.0 = Debug|Win32
		{4DE361B6-03DD-4A90-9883-6B15B33E78D0}.Debug Unicode|x64.ActiveCfg = Debug|Win32
		{4DE361B6-03DD-4A90-9883-6B15B33E78D0}.Debug|Any CPU.ActiveCfg = Debug|Win32
		{4DE361B6-03DD-4A90-9883-6B15B33E78D0}.Debug|Mixed Platforms.ActiveCfg = Debug|Win32
		{4DE361B6-03DD-4A90-9883-6B15B33E78D0}.Debug|Mixed Platforms.Build.0 = Debug|Win32
		{4DE361B6-03DD-4A90-9883-6B15B33E78D0}.Debug|Win32.ActiveCfg = Debug|Win32
		{4DE361B6-03DD-4A90-9883-6B15B33E78D0}.Debug|Win32.Build.0 = Debug|Win32
		{4DE361B6-03DD-4A90-9883-6B15B33E78D0}.Debug|x64.ActiveCfg = Debug|Win32
		{4DE361B6-03DD-4A90-9883-6B15B33E78D0}.Release Unicode|Any CPU.ActiveCfg = Release|Win32
		{4DE361B6-03DD-4A90-9883-6B15B33E78D0}.Release Unicode|Mixed Platforms.ActiveCfg = Release|Win32
		{4DE361B6-03DD-4A90-9883-6B15B33E78D0}.Release Unicode|Mixed Platforms.Build.0 = Release|Win32
		{4DE361B6-03DD-4A90-9883-6B15B33E78D0}.Release Unicode|Win32.ActiveCfg = Release|Win32
		{4DE361B6-03DD-4A90-9883-6B15B33E78D0}.Release Unicode|Win32.Build.0 = Release|Win32
		{4DE361B6-03DD-4A90-9883-6B15B33E78D0}.Release Unicode|x64.ActiveCfg = Release|Win32
		{4DE361B6-03DD-4A90-9883-6B15B33E78D0}.Release|Any CPU.ActiveCfg = Release|Win32
		{4DE361B6-03DD-4A90-9883-6B15B33E78D0}.Release|Mixed Platforms.ActiveCfg = Release|Win32
		{4DE361B6-03DD-4A90-9883-6B15B33E78D0}.Release|Mixed Platforms.Build.0 = Release|Win32
		{4DE361B6-03DD-4A90-9883-6B15B33E78D0}.Release|Win32.ActiveCfg = Release|Win32
		{4DE361B6-03DD-4A90-9883-6B15B33E78D0}.Release|Win32.Build.0 = Release|Win32
		{4DE361B6-03DD-4A90-9883-6B15B33E78D0}.Release|x64.ActiveCfg = Release|Win32
		{4DE361B6-03DD-4A90-9883-6B15B33E78D0}.ReleaseStatic|Any CPU.ActiveCfg = Release|Win32
		{4DE361B6-03DD-4A90-9883-6B15B33E78D0}.ReleaseStatic|Mixed Platforms.ActiveCfg = Release|Win32
		{4DE361B6-03DD-4A90-9883-6B15B33E78D0}.ReleaseStatic|Mixed Platforms.Build.0 = Release|Win32
		{4DE361B6-03DD-4A90-9883-6B15B33E78D0}.ReleaseStatic|Win32.ActiveCfg = Release|Win32
		{4DE361B6-03DD-4A90-9883-6B15B33E78D0}.ReleaseStatic|Win32.Build.0 = Release|Win32
		{4DE361B6-03DD-4A90-9883-6B15B33E78D0}.ReleaseStatic|x64.ActiveCfg = Release|Win32
		{14176B5E-3FD9-4553-A198-B892DECF6464}.Debug Unicode|Any CPU.ActiveCfg = Debug|Win32
		{14176B5E-3FD9-4553-A198-B892DECF6464}.Debug Unicode|Mixed Platforms.ActiveCfg = Debug|Win32
		{14176B5E-3FD9-4553-A198-B892DECF6464}.Debug Unicode|Mixed Platforms.Build.0 = Debug|Win32
		{14176B5E-3FD9-4553-A198-B892DECF6464}.Debug Unicode|Win32.ActiveCfg = Debug|Win32
		{14176B5E-3FD9-4553-A198-B892DECF6464}.Debug Unicode|Win32.Build.0 = Debug|Win32
		{14176B5E-3FD9-4553-A198-B892DECF6464}.Debug Unicode|x64.ActiveCfg = Debug|Win32
		{14176B5E-3FD9-4553-A198-B892DECF6464}.Debug|Any CPU.ActiveCfg = Debug|Win32
		{14176B5E-3FD9-4553-A198-B892DECF6464}.Debug|Mixed Platforms.ActiveCfg = Debug|Win32
		{14176B5E-3FD9-4553-A198-B892DECF6464}.Debug|Mixed Platforms.Build.0 = Debug|Win32
		{14176B5E-3FD9-4553-A198-B892DECF6464}.Debug|Win32.ActiveCfg = Debug|Win32
		{14176B5E-3FD9-4553-A198-B892DECF6464}.Debug|Win32.Build.0 = Debug|Win32
		{14176B5E-3FD9-4553-A198-B892DECF6464}.Debug|x64.ActiveCfg = Debug|Win32
		{14176B5E-3FD9-4553-A198-B892DECF6464}.Release Unicode|Any CPU.ActiveCfg = Release|Win32
		{14176B5E-3FD9-4553-A198-B892DECF6464}.Release Unicode|Mixed Platforms.ActiveCfg = Release|Win32
		{14176B5E-3FD9-4553-A198-B892DECF6464}.Release Unicode|Mixed Platforms.Build.0 = Release|Win32
		{14176B5E-3FD9-4553-A198-B892DECF6464}.Release Unicode|Win32.ActiveCfg = Release|Win32
		{14176B5E-3FD9-4553-A198-B892DECF6464}.Release Unicode|Win32.Build.0 = Release|Win32
		{14176B5E-3FD9-4553-A198-B892DECF6464}.Release Unicode|x64.ActiveCfg = Release|Win32
		{14176B5E-3FD9-4553-A198-B892DECF6464}.Release|Any CPU.ActiveCfg = Release|Win32
		{14176B5E-3FD9-4553-A198-B892DECF6464}.Release|Mixed Platforms.ActiveCfg = Release|Win32
		{14176B5E-3FD9-4553-A198-B892DECF6464}.Release|Mixed Platforms.Build.0 = Release|Win32
		{14176B5E-3FD9-4553-A198-B892DECF6464}.Release|Win32.ActiveCfg = Release|Win32
		{14176B5E-3FD9-4553-A198-B892DECF6464}.Release|Win32.Build.0 = Release|Win32
		{14176B5E-3FD9-4553-A198-B892DECF6464}.Release|x64.ActiveCfg = Release|Win32
		{14176B5E-3FD9-4553-A198-B892DECF6464}.ReleaseStatic|Any CPU.ActiveCfg = Release|Win32
		{14176B5E-3FD9-4553-A198-B892DECF6464}.ReleaseStatic|Mixed Platforms.ActiveCfg = Release|Win32
		{14176B5E-3FD9-4553-A198-B892DECF6464}.ReleaseStatic|Mixed Platforms.Build.0 = Release|Win32
		{14176B5E-3FD9-4553-A198-B892DECF6464}.ReleaseStatic|Win32.ActiveCfg = Release|Win32
		{14176B5E-3FD9-4553-A198-B892DECF6464}.ReleaseStatic|Win32.Build.0 = Release|Win32
		{14176B5E-3FD9-4553-A198-B892DECF6464}.ReleaseStatic|x64.ActiveCfg = Release|Win32
		{B0E6FFA7-2275-4C0D-9626-23E941A04B02}.Debug Unicode|Any CPU.ActiveCfg = Debug|Win32
		{B0E6FFA7-2275-4C0D-9626-23E941A04B02}.Debug Unicode|Mixed Platforms.ActiveCfg = Debug|Win32
		{B0E6FFA7-2275-4C0D-9626-23E941A04B02}.Debug Unicode|Mixed Platforms.Build.0 = Debug|Win32
		{B0E6FFA7-2275-4C0D-9626-23E941A04B02}.Debug Unicode|Win32.ActiveCfg = Debug|Win32
		{B0E6FFA7-2275-4C0D-9626-23E941A04B02}.Debug Unicode|Win32.Build.0 = Debug|Win32
		{B0E6FFA7-2275-4C0D-9626-23E941A04B02}.Debug Unicode|x64.ActiveCfg = Debug|Win32
		{B0E6FFA7-2275-4C0D-9626-23E941A04B02}.Debug|Any CPU.ActiveCfg = Debug|Win32
		{B0E6FFA7-2275-4C0D-9626-23E941A04B02}.Debug|Mixed Platforms.ActiveCfg = Debug|Win32
		{B0E6FFA7-2275-4C0D-9626-23E941A04B02}.Debug|Mixed Platforms.Build.0 = Debug|Win32
		{B0E6FFA7-2275-4C0D-9626-23E941A04B02}.Debug|Win32.ActiveCfg = Debug|Win32
		{B0E6FFA7-2275-4C0D-9626-23E941A04B02}.Debug|Win32.Build.0 = Debug|Win32
		{B0E6FFA7-2275-4C0D-9626-23E941A04B02}.Debug|x64.ActiveCfg = Debug|Win32
		{B0E6FFA7-2275-4C0D-9626-23E941A04B02}.Release Unicode|Any CPU.ActiveCfg = Release|Win32
		{B0E6FFA7-2275-4C0D-9626-23E941A04B02}.Release Unicode|Mixed Platforms.ActiveCfg = Release|Win32
		{B0E6FFA7-2275-4C0D-9626-23E941A04B02}.Release Unicode|Mixed Platforms.Build.0 = Release|Win32
		{B0E6FFA7-2275-4C0D-9626-23E941A04B02}.Release Unicode|Win32.ActiveCfg = Release|Win32
		{B0E6FFA7-2275-4C0D-9626-23E941A04B02}.Release Unicode|Win32.Build.0 = Release|Win32
		{B0E6FFA7-2275-4C0D-9626-23E941A04B02}.Release Unicode|x64.ActiveCfg = Release|Win32
		{B0E6FFA7-2275-4C0D-9626-23E941A04B02}.Release|Any CPU.ActiveCfg = Release|Win32
		{B0E6FFA7-2275-4C0D-9626-23E941A04B02}.Release|Mixed Platforms.ActiveCfg = Release|Win32
		{B0E6FFA7-2275-4C0D-9626-23E941A04B02}.Release|Mixed Platforms.Build.0 = Release|Win32
		{B0E6FFA7-2275-4C0D-9626-23E941A04B02}.Release|Win32.ActiveCfg = Release|Win32
		{B0E6FFA7-2275-4C0D-9626-23E941A04B02}.Release|Win32.Build.0 = Release|Win32
		{B0E6FFA7-2275-4C0D-9626-23E941A04B02}.Release|x64.ActiveCfg = Release|Win32
		{B0E6FFA7-2275-4C0D-9626-23E941A04B02}.ReleaseStatic|Any CPU.ActiveCfg = Release|Win32
		{B0E6FFA7-2275-4C0D-9626-23E941A04B02}.ReleaseStatic|Mixed Platforms.ActiveCfg = Release|Win32
		{B0E6FFA7-2275-4C0D-9626-23E941A04B02}.ReleaseStatic|Mixed Platforms.Build.0 = Release|Win32
		{B0E6FFA7-2275-4C0D-9626-23E941A04B02}.ReleaseStatic|Win32.ActiveCfg = Release|Win32
		{B0E6FFA7-2275-4C0D-9626-23E941A04B02}.ReleaseStatic|Win32.Build.0 = Release|Win32
		{B0E6FFA7-2275-4C0D-9626-23E941A04B02}.ReleaseStatic|x64.ActiveCfg = Release|Win32
		{744D77A0-1F9E-4A15-87F0-E9629AD52903}.Debug Unicode|Any CPU.ActiveCfg = Debug|Win32
		{744D77A0-1F9E-4A15-87F0-E9629AD52903}.Debug Unicode|Mixed Platforms.ActiveCfg = Debug|Win32
		{744D77A0-1F9E-4A15-87F0-E9629AD52903}.Debug Unicode|Mixed Platforms.Build.0 = Debug|Win32
		{744D77A0-1F9E-4A15-87F0-E9629AD52903}.Debug Unicode|Win32.ActiveCfg = Debug|Win32
		{744D77A0-1F9E-4A15-87F0-E9629AD52903}.Debug Unicode|Win32.Build.0 = Debug|Win32
		{744D77A0-1F9E-4A15-87F0-E9629AD52903}.Debug Unicode|x64.ActiveCfg = Debug|x64
		{744D77A0-1F9E-4A15-87F0-E9629AD52903}.Debug Unicode|x64.Build.0 = Debug|x64
		{744D77A0-1F9E-4A15-87F0-E9629AD52903}.Debug|Any CPU.ActiveCfg = Debug|Win32
		{744D77A0-1F9E-4A15-87F0-E9629AD52903}.Debug|Mixed Platforms.ActiveCfg = Debug|Win32
		{744D77A0-1F9E-4A15-87F0-E9629AD52903}.Debug|Mixed Platforms.Build.0 = Debug|Win32
		{744D77A0-1F9E-4A15-87F0-E9629AD52903}.Debug|Win32.ActiveCfg = Debug|Win32
		{744D77A0-1F9E-4A15-87F0-E9629AD52903}.Debug|Win32.Build.0 = Debug|Win32
		{744D77A0-1F9E-4A15-87F0-E9629AD52903}.Debug|x64.ActiveCfg = Debug|x64
		{744D77A0-1F9E-4A15-87F0-E9629AD52903}.Debug|x64.Build.0 = Debug|x64
		{744D77A0-1F9E-4A15-87F0-E9629AD52903}.Release Unicode|Any CPU.ActiveCfg = Release|Win32
		{744D77A0-1F9E-4A15-87F0-E9629AD52903}.Release Unicode|Mixed Platforms.ActiveCfg = Release|Win32
		{744D77A0-1F9E-4A15-87F0-E9629AD52903}.Release Unicode|Mixed Platforms.Build.0 = Release|Win32
		{744D77A0-1F9E-4A15-87F0-E9629AD52903}.Release Unicode|Win32.ActiveCfg = Release|Win32
		{744D77A0-1F9E-4A15-87F0-E9629AD52903}.Release Unicode|Win32.Build.0 = Release|Win32
		{744D77A0-1F9E-4A15-87F0-E9629AD52903}.Release Unicode|x64.ActiveCfg = Release|x64
		{744D77A0-1F9E-4A15-87F0-E9629AD52903}.Release Unicode|x64.Build.0 = Release|x64
		{744D77A0-1F9E-4A15-87F0-E9629AD52903}.Release|Any CPU.ActiveCfg = Release|Win32
		{744D77A0-1F9E-4A15-87F0-E9629AD52903}.Release|Mixed Platforms.ActiveCfg = Release|Win32
		{744D77A0-1F9E-4A15-87F0-E9629AD52903}.Release|Mixed Platforms.Build.0 = Release|Win32
		{744D77A0-1F9E-4A15-87F0-E9629AD52903}.Release|Win32.ActiveCfg = Release|Win32
		{744D77A0-1F9E-4A15-87F0-E9629AD52903}.Release|Win32.Build.0 = Release|Win32
		{744D77A0-1F9E-4A15-87F0-E9629AD52903}.Release|x64.ActiveCfg = Release|x64
		{744D77A0-1F9E-4A15-87F0-E9629AD52903}.Release|x64.Build.0 = Release|x64
		{744D77A0-1F9E-4A15-87F0-E9629AD52903}.ReleaseStatic|Any CPU.ActiveCfg = Release|Win32
		{744D77A0-1F9E-4A15-87F0-E9629AD52903}.ReleaseStatic|Mixed Platforms.ActiveCfg = Release|Win32
		{744D77A0-1F9E-4A15-87F0-E9629AD52903}.ReleaseStatic|Mixed Platforms.Build.0 = Release|Win32
		{744D77A0-1F9E-4A15-87F0-E9629AD52903}.ReleaseStatic|Win32.ActiveCfg = Release|Win32
		{744D77A0-1F9E-4A15-87F0-E9629AD52903}.ReleaseStatic|Win32.Build.0 = Release|Win32
		{744D77A0-1F9E-4A15-87F0-E9629AD52903}.ReleaseStatic|x64.ActiveCfg = Release|x64
		{744D77A0-1F9E-4A15-87F0-E9629AD52903}.ReleaseStatic|x64.Build.0 = Release|x64
		{48AF984D-57D5-4FA3-9E48-CA74B7AD6BC3}.Debug Unicode|Any CPU.ActiveCfg = Debug|Win32
		{48AF984D-57D5-4FA3-9E48-CA74B7AD6BC3}.Debug Unicode|Mixed Platforms.ActiveCfg = Debug|Win32
		{48AF984D-57D5-4FA3-9E48-CA74B7AD6BC3}.Debug Unicode|Mixed Platforms.Build.0 = Debug|Win32
		{48AF984D-57D5-4FA3-9E48-CA74B7AD6BC3}.Debug Unicode|Win32.ActiveCfg = Debug|Win32
		{48AF984D-57D5-4FA3-9E48-CA74B7AD6BC3}.Debug Unicode|Win32.Build.0 = Debug|Win32
		{48AF984D-57D5-4FA3-9E48-CA74B7AD6BC3}.Debug Unicode|x64.ActiveCfg = Debug|Win32
		{48AF984D-57D5-4FA3-9E48-CA74B7AD6BC3}.Debug|Any CPU.ActiveCfg = Debug|Win32
		{48AF984D-57D5-4FA3-9E48-CA74B7AD6BC3}.Debug|Mixed Platforms.ActiveCfg = Debug|Win32
		{48AF984D-57D5-4FA3-9E48-CA74B7AD6BC3}.Debug|Mixed Platforms.Build.0 = Debug|Win32
		{48AF984D-57D5-4FA3-9E48-CA74B7AD6BC3}.Debug|Win32.ActiveCfg = Debug|Win32
		{48AF984D-57D5-4FA3-9E48-CA74B7AD6BC3}.Debug|Win32.Build.0 = Debug|Win32
		{48AF984D-57D5-4FA3-9E48-CA74B7AD6BC3}.Debug|x64.ActiveCfg = Debug|Win32
		{48AF984D-57D5-4FA3-9E48-CA74B7AD6BC3}.Release Unicode|Any CPU.ActiveCfg = Release|Win32
		{48AF984D-57D5-4FA3-9E48-CA74B7AD6BC3}.Release Unicode|Mixed Platforms.ActiveCfg = Release|Win32
		{48AF984D-57D5-4FA3-9E48-CA74B7AD6BC3}.Release Unicode|Mixed Platforms.Build.0 = Release|Win32
		{48AF984D-57D5-4FA3-9E48-CA74B7AD6BC3}.Release Unicode|Win32.ActiveCfg = Release|Win32
		{48AF984D-57D5-4FA3-9E48-CA74B7AD6BC3}.Release Unicode|Win32.Build.0 = Release|Win32
		{48AF984D-57D5-4FA3-9E48-CA74B7AD6BC3}.Release Unicode|x64.ActiveCfg = Release|Win32
		{48AF984D-57D5-4FA3-9E48-CA74B7AD6BC3}.Release|Any CPU.ActiveCfg = Release|Win32
		{48AF984D-57D5-4FA3-9E48-CA74B7AD6BC3}.Release|Mixed Platforms.ActiveCfg = Release|Win32
		{48AF984D-57D5-4FA3-9E48-CA74B7AD6BC3}.Release|Mixed Platforms.Build.0 = Release|Win32
		{48AF984D-57D5-4FA3-9E48-CA74B7AD6BC3}.Release|Win32.ActiveCfg = Release|Win32
		{48AF984D-57D5-4FA3-9E48-CA74B7AD6BC3}.Release|Win32.Build.0 = Release|Win32
		{48AF984D-57D5-4FA3-9E48-CA74B7AD6BC3}.Release|x64.ActiveCfg = Release|Win32
		{48AF984D-57D5-4FA3-9E48-CA74B7AD6BC3}.ReleaseStatic|Any CPU.ActiveCfg = Release|Win32
		{48AF984D-57D5-4FA3-9E48-CA74B7AD6BC3}.ReleaseStatic|Mixed Platforms.ActiveCfg = Release|Win32
		{48AF984D-57D5-4FA3-9E48-CA74B7AD6BC3}.ReleaseStatic|Mixed Platforms.Build.0 = Release|Win32
		{48AF984D-57D5-4FA3-9E48-CA74B7AD6BC3}.ReleaseStatic|Win32.ActiveCfg = Release|Win32
		{48AF984D-57D5-4FA3-9E48-CA74B7AD6BC3}.ReleaseStatic|Win32.Build.0 = Release|Win32
		{48AF984D-57D5-4FA3-9E48-CA74B7AD6BC3}.ReleaseStatic|x64.ActiveCfg = Release|Win32
		{CA09A745-954F-41EB-A525-F59C176E21DA}.Debug Unicode|Any CPU.ActiveCfg = Debug|Win32
		{CA09A745-954F-41EB-A525-F59C176E21DA}.Debug Unicode|Mixed Platforms.ActiveCfg = Debug|Win32
		{CA09A745-954F-41EB-A525-F59C176E21DA}.Debug Unicode|Mixed Platforms.Build.0 = Debug|Win32
		{CA09A745-954F-41EB-A525-F59C176E21DA}.Debug Unicode|Win32.ActiveCfg = Debug|Win32
		{CA09A745-954F-41EB-A525-F59C176E21DA}.Debug Unicode|Win32.Build.0 = Debug|Win32
		{CA09A745-954F-41EB-A525-F59C176E21DA}.Debug Unicode|x64.ActiveCfg = Debug|Win32
		{CA09A745-954F-41EB-A525-F59C176E21DA}.Debug|Any CPU.ActiveCfg = Debug|Win32
		{CA09A745-954F-41EB-A525-F59C176E21DA}.Debug|Mixed Platforms.ActiveCfg = Debug|Win32
		{CA09A745-954F-41EB-A525-F59C176E21DA}.Debug|Mixed Platforms.Build.0 = Debug|Win32
		{CA09A745-954F-41EB-A525-F59C176E21DA}.Debug|Win32.ActiveCfg = Debug|Win32
		{CA09A745-954F-41EB-A525-F59C176E21DA}.Debug|Win32.Build.0 = Debug|Win32
		{CA09A745-954F-41EB-A525-F59C176E21DA}.Debug|x64.ActiveCfg = Debug|Win32
		{CA09A745-954F-41EB-A525-F59C176E21DA}.Release Unicode|Any CPU.ActiveCfg = Release|Win32
		{CA09A745-954F-41EB-A525-F59C176E21DA}.Release Unicode|Mixed Platforms.ActiveCfg = Release|Win32
		{CA09A745-954F-41EB-A525-F59C176E21DA}.Release Unicode|Mixed Platforms.Build.0 = Release|Win32
		{CA09A745-954F-41EB-A525-F59C176E21DA}.Release Unicode|Win32.ActiveCfg = Release|Win32
		{CA09A745-954F-41EB-A525-F59C176E21DA}.Release Unicode|Win32.Build.0 = Release|Win32
		{CA09A745-954F-41EB-A525-F59C176E21DA}.Release Unicode|x64.ActiveCfg = Release|Win32
		{CA09A745-954F-41EB-A525-F59C176E21DA}.Release|Any CPU.ActiveCfg = Release|Win32
		{CA09A745-954F-41EB-A525-F59C176E21DA}.Release|Mixed Platforms.ActiveCfg = Release|Win32
		{CA09A745-954F-41EB-A525-F59C176E21DA}.Release|Mixed Platforms.Build.0 = Release|Win32
		{CA09A745-954F-41EB-A525-F59C176E21DA}.Release|Win32.ActiveCfg = Release|Win32
		{CA09A745-954F-41EB-A525-F59C176E21DA}.Release|Win32.Build.0 = Release|Win32
		{CA09A745-954F-41EB-A525-F59C176E21DA}.Release|x64.ActiveCfg = Release|Win32
		{CA09A745-954F-41EB-A525-F59C176E21DA}.ReleaseStatic|Any CPU.ActiveCfg = Release|Win32
		{CA09A745-954F-41EB-A525-F59C176E21DA}.ReleaseStatic|Mixed Platforms.ActiveCfg = Release|Win32
		{CA09A745-954F-41EB-A525-F59C176E21DA}.ReleaseStatic|Mixed Platforms.Build.0 = Release|Win32
		{CA09A745-954F-41EB-A525-F59C176E21DA}.ReleaseStatic|Win32.ActiveCfg = Release|Win32
		{CA09A745-954F-41EB-A525-F59C176E21DA}.ReleaseStatic|Win32.Build.0 = Release|Win32
		{CA09A745-954F-41EB-A525-F59C176E21DA}.ReleaseStatic|x64.ActiveCfg = Release|Win32
		{30FD3F33-7CC8-4F42-B5B0-D1A7C979B4A4}.Debug Unicode|Any CPU.ActiveCfg = Debug|Win32
		{30FD3F33-7CC8-4F42-B5B0-D1A7C979B4A4}.Debug Unicode|Mixed Platforms.ActiveCfg = Debug|Win32
		{30FD3F33-7CC8-4F42-B5B0-D1A7C979B4A4}.Debug Unicode|Mixed Platforms.Build.0 = Debug|Win32
		{30FD3F33-7CC8-4F42-B5B0-D1A7C979B4A4}.Debug Unicode|Win32.ActiveCfg = Debug|Win32
		{30FD3F33-7CC8-4F42-B5B0-D1A7C979B4A4}.Debug Unicode|Win32.Build.0 = Debug|Win32
		{30FD3F33-7CC8-4F42-B5B0-D1A7C979B4A4}.Debug Unicode|x64.ActiveCfg = Debug|Win32
		{30FD3F33-7CC8-4F42-B5B0-D1A7C979B4A4}.Debug|Any CPU.ActiveCfg = Debug|Win32
		{30FD3F33-7CC8-4F42-B5B0-D1A7C979B4A4}.Debug|Mixed Platforms.ActiveCfg = Debug|Win32
		{30FD3F33-7CC8-4F42-B5B0-D1A7C979B4A4}.Debug|Mixed Platforms.Build.0 = Debug|Win32
		{30FD3F33-7CC8-4F42-B5B0-D1A7C979B4A4}.Debug|Win32.ActiveCfg = Debug|Win32
		{30FD3F33-7CC8-4F42-B5B0-D1A7C979B4A4}.Debug|Win32.Build.0 = Debug|Win32
		{30FD3F33-7CC8-4F42-B5B0-D1A7C979B4A4}.Debug|x64.ActiveCfg = Debug|Win32
		{30FD3F33-7CC8-4F42-B5B0-D1A7C979B4A4}.Release Unicode|Any CPU.ActiveCfg = Release|Win32
		{30FD3F33-7CC8-4F42-B5B0-D1A7C979B4A4}.Release Unicode|Mixed Platforms.ActiveCfg = Release|Win32
		{30FD3F33-7CC8-4F42-B5B0-D1A7C979B4A4}.Release Unicode|Mixed Platforms.Build.0 = Release|Win32
		{30FD3F33-7CC8-4F42-B5B0-D1A7C979B4A4}.Release Unicode|Win32.ActiveCfg = Release|Win32
		{30FD3F33-7CC8-4F42-B5B0-D1A7C979B4A4}.Release Unicode|Win32.Build.0 = Release|Win32
		{30FD3F33-7CC8-4F42-B5B0-D1A7C979B4A4}.Release Unicode|x64.ActiveCfg = Release|Win32
		{30FD3F33-7CC8-4F42-B5B0-D1A7C979B4A4}.Release|Any CPU.ActiveCfg = Release|Win32
		{30FD3F33-7CC8-4F42-B5B0-D1A7C979B4A4}.Release|Mixed Platforms.ActiveCfg = Release|Win32
		{30FD3F33-7CC8-4F42-B5B0-D1A7C979B4A4}.Release|Mixed Platforms.Build.0 = Release|Win32
		{30FD3F33-7CC8-4F42-B5B0-D1A7C979B4A4}.Release|Win32.ActiveCfg = Release|Win32
		{30FD3F33-7CC8-4F42-B5B0-D1A7C979B4A4}.Release|Win32.Build.0 = Release|Win32
		{30FD3F33-7CC8-4F42-B5B0-D1A7C979B4A4}.Release|x64.ActiveCfg = Release|Win32
		{30FD3F33-7CC8-4F42-B5B0-D1A7C979B4A4}.ReleaseStatic|Any CPU.ActiveCfg = Release|Win32
		{30FD3F33-7CC8-4F42-B5B0-D1A7C979B4A4}.ReleaseStatic|Mixed Platforms.ActiveCfg = Release|Win32
		{30FD3F33-7CC8-4F42-B5B0-D1A7C979B4A4}.ReleaseStatic|Mixed Platforms.Build.0 = Release|Win32
		{30FD3F33-7CC8-4F42-B5B0-D1A7C979B4A4}.ReleaseStatic|Win32.ActiveCfg = Release|Win32
		{30FD3F33-7CC8-4F42-B5B0-D1A7C979B4A4}.ReleaseStatic|Win32.Build.0 = Release|Win32
		{30FD3F33-7CC8-4F42-B5B0-D1A7C979B4A4}.ReleaseStatic|x64.ActiveCfg = Release|Win32
		{FD654308-09D0-433D-B43A-746F7216D212}.Debug Unicode|Any CPU.ActiveCfg = Debug|Win32
		{FD654308-09D0-433D-B43A-746F7216D212}.Debug Unicode|Mixed Platforms.ActiveCfg = Debug|Win32
		{FD654308-09D0-433D-B43A-746F7216D212}.Debug Unicode|Mixed Platforms.Build.0 = Debug|Win32
		{FD654308-09D0-433D-B43A-746F7216D212}.Debug Unicode|Win32.ActiveCfg = Debug|Win32
		{FD654308-09D0-433D-B43A-746F7216D212}.Debug Unicode|Win32.Build.0 = Debug|Win32
		{FD654308-09D0-433D-B43A-746F7216D212}.Debug Unicode|x64.ActiveCfg = Debug|Win32
		{FD654308-09D0-433D-B43A-746F7216D212}.Debug|Any CPU.ActiveCfg = Debug|Win32
		{FD654308-09D0-433D-B43A-746F7216D212}.Debug|Mixed Platforms.ActiveCfg = Debug|Win32
		{FD654308-09D0-433D-B43A-746F7216D212}.Debug|Mixed Platforms.Build.0 = Debug|Win32
		{FD654308-09D0-433D-B43A-746F7216D212}.Debug|Win32.ActiveCfg = Debug|Win32
		{FD654308-09D0-433D-B43A-746F7216D212}.Debug|Win32.Build.0 = Debug|Win32
		{FD654308-09D0-433D-B43A-746F7216D212}.Debug|x64.ActiveCfg = Debug|Win32
		{FD654308-09D0-433D-B43A-746F7216D212}.Release Unicode|Any CPU.ActiveCfg = Release|Win32
		{FD654308-09D0-433D-B43A-746F7216D212}.Release Unicode|Mixed Platforms.ActiveCfg = Release|Win32
		{FD654308-09D0-433D-B43A-746F7216D212}.Release Unicode|Mixed Platforms.Build.0 = Release|Win32
		{FD654308-09D0-433D-B43A-746F7216D212}.Release Unicode|Win32.ActiveCfg = Release|Win32
		{FD654308-09D0-433D-B43A-746F7216D212}.Release Unicode|Win32.Build.0 = Release|Win32
		{FD654308-09D0-433D-B43A-746F7216D212}.Release Unicode|x64.ActiveCfg = Release|Win32
		{FD654308-09D0-433D-B43A-746F7216D212}.Release|Any CPU.ActiveCfg = Release|Win32
		{FD654308-09D0-433D-B43A-746F7216D212}.Release|Mixed Platforms.ActiveCfg = Release|Win32
		{FD654308-09D0-433D-B43A-746F7216D212}.Release|Mixed Platforms.Build.0 = Release|Win32
		{FD654308-09D0-433D-B43A-746F7216D212}.Release|Win32.ActiveCfg = Release|Win32
		{FD654308-09D0-433D-B43A-746F7216D212}.Release|Win32.Build.0 = Release|Win32
		{FD654308-09D0-433D-B43A-746F7216D212}.Release|x64.ActiveCfg = Release|Win32
		{FD654308-09D0-433D-B43A-746F7216D212}.ReleaseStatic|Any CPU.ActiveCfg = Release|Win32
		{FD654308-09D0-433D-B43A-746F7216D212}.ReleaseStatic|Mixed Platforms.ActiveCfg = Release|Win32
		{FD654308-09D0-433D-B43A-746F7216D212}.ReleaseStatic|Mixed Platforms.Build.0 = Release|Win32
		{FD654308-09D0-433D-B43A-746F7216D212}.ReleaseStatic|Win32.ActiveCfg = Release|Win32
		{FD654308-09D0-433D-B43A-746F7216D212}.ReleaseStatic|Win32.Build.0 = Release|Win32
		{FD654308-09D0-433D-B43A-746F7216D212}.ReleaseStatic|x64.ActiveCfg = Release|Win32
	EndGlobalSection
	GlobalSection(SolutionProperties) = preSolution
		HideSolutionNode = FALSE
	EndGlobalSection
EndGlobal
