
Microsoft Visual Studio Solution File, Format Version 12.00
# Visual Studio 2013
VisualStudioVersion = 12.0.21005.1
MinimumVisualStudioVersion = 10.0.40219.1
Project("{8BC9CEB8-8B4A-11D0-8D11-00A0C91BC942}") = "test", "Src\test\test.vcxproj", "{25FD4A32-FFAF-47FA-8B25-3883043188B3}"
EndProject
Project("{8BC9CEB8-8B4A-11D0-8D11-00A0C91BC942}") = "HMGridControl", "Src\HMGridControl\HMGridControl.vcxproj", "{59785BBD-F6A3-40C0-B125-A90B0D2B584C}"
EndProject
Project("{8BC9CEB8-8B4A-11D0-8D11-00A0C91BC942}") = "HMMathTool", "Src\HMMathTool\HMMathTool.vcxproj", "{03FA33CA-435E-4988-A236-F2BB269D1113}"
EndProject
Project("{8BC9CEB8-8B4A-11D0-8D11-00A0C91BC942}") = "HMStringTool", "Src\HMStringTool\HMStringTool.vcxproj", "{2578CB97-EDB4-46B5-9E8E-D215D72E0771}"
EndProject
Project("{8BC9CEB8-8B4A-11D0-8D11-00A0C91BC942}") = "HMDrawCell", "Src\HMDrawCell\HMDrawCell.vcxproj", "{6786F069-53D7-4744-9D02-A4D2366643F1}"
EndProject
Project("{8BC9CEB8-8B4A-11D0-8D11-00A0C91BC942}") = "HMDesign", "Src\HMDesign\HMDesign.vcxproj", "{ADCEC455-C284-4595-8947-D9A501E76FE6}"
EndProject
Project("{8BC9CEB8-8B4A-11D0-8D11-00A0C91BC942}") = "HMCAD", "Src\HMCAD\HMCAD.vcxproj", "{BCA771B3-6118-4408-B83D-77B5DFF56B75}"
EndProject
Project("{8BC9CEB8-8B4A-11D0-8D11-00A0C91BC942}") = "HMToSoft", "Src\HMToSoft\HMToSoft.vcxproj", "{FAE1BB7E-60FC-4801-80BB-2BEA2F455ECE}"
EndProject
Project("{8BC9CEB8-8B4A-11D0-8D11-00A0C91BC942}") = "HMExportTool", "Src\HMExportTool\HMExportTool.vcxproj", "{3F261283-00B3-4D0D-BD52-96E3E9C6B631}"
EndProject
Project("{8BC9CEB8-8B4A-11D0-8D11-00A0C91BC942}") = "GetMacAdress", "Src\GetMacAdress\GetMacAdress.vcxproj", "{6D998798-9BF3-44D8-B7B3-0C1E2E19B0F1}"
EndProject
Global
	GlobalSection(SolutionConfigurationPlatforms) = preSolution
		Debug|Win32 = Debug|Win32
		Debug|x64 = Debug|x64
		Release|Win32 = Release|Win32
		Release|x64 = Release|x64
	EndGlobalSection
	GlobalSection(ProjectConfigurationPlatforms) = postSolution
		{25FD4A32-FFAF-47FA-8B25-3883043188B3}.Debug|Win32.ActiveCfg = Release|Win32
		{25FD4A32-FFAF-47FA-8B25-3883043188B3}.Debug|Win32.Build.0 = Release|Win32
		{25FD4A32-FFAF-47FA-8B25-3883043188B3}.Debug|x64.ActiveCfg = Debug|Win32
		{25FD4A32-FFAF-47FA-8B25-3883043188B3}.Release|Win32.ActiveCfg = Release|Win32
		{25FD4A32-FFAF-47FA-8B25-3883043188B3}.Release|Win32.Build.0 = Release|Win32
		{25FD4A32-FFAF-47FA-8B25-3883043188B3}.Release|x64.ActiveCfg = Release|Win32
		{25FD4A32-FFAF-47FA-8B25-3883043188B3}.Release|x64.Build.0 = Release|Win32
		{59785BBD-F6A3-40C0-B125-A90B0D2B584C}.Debug|Win32.ActiveCfg = Debug|Win32
		{59785BBD-F6A3-40C0-B125-A90B0D2B584C}.Debug|Win32.Build.0 = Debug|Win32
		{59785BBD-F6A3-40C0-B125-A90B0D2B584C}.Debug|x64.ActiveCfg = Debug|Win32
		{59785BBD-F6A3-40C0-B125-A90B0D2B584C}.Release|Win32.ActiveCfg = Release|Win32
		{59785BBD-F6A3-40C0-B125-A90B0D2B584C}.Release|Win32.Build.0 = Release|Win32
		{59785BBD-F6A3-40C0-B125-A90B0D2B584C}.Release|x64.ActiveCfg = Release|Win32
		{03FA33CA-435E-4988-A236-F2BB269D1113}.Debug|Win32.ActiveCfg = Debug|Win32
		{03FA33CA-435E-4988-A236-F2BB269D1113}.Debug|Win32.Build.0 = Debug|Win32
		{03FA33CA-435E-4988-A236-F2BB269D1113}.Debug|x64.ActiveCfg = Debug|x64
		{03FA33CA-435E-4988-A236-F2BB269D1113}.Debug|x64.Build.0 = Debug|x64
		{03FA33CA-435E-4988-A236-F2BB269D1113}.Release|Win32.ActiveCfg = Release|Win32
		{03FA33CA-435E-4988-A236-F2BB269D1113}.Release|Win32.Build.0 = Release|Win32
		{03FA33CA-435E-4988-A236-F2BB269D1113}.Release|x64.ActiveCfg = Release|x64
		{03FA33CA-435E-4988-A236-F2BB269D1113}.Release|x64.Build.0 = Release|x64
		{2578CB97-EDB4-46B5-9E8E-D215D72E0771}.Debug|Win32.ActiveCfg = Debug|Win32
		{2578CB97-EDB4-46B5-9E8E-D215D72E0771}.Debug|Win32.Build.0 = Debug|Win32
		{2578CB97-EDB4-46B5-9E8E-D215D72E0771}.Debug|x64.ActiveCfg = Debug|x64
		{2578CB97-EDB4-46B5-9E8E-D215D72E0771}.Debug|x64.Build.0 = Debug|x64
		{2578CB97-EDB4-46B5-9E8E-D215D72E0771}.Release|Win32.ActiveCfg = Release|Win32
		{2578CB97-EDB4-46B5-9E8E-D215D72E0771}.Release|Win32.Build.0 = Release|Win32
		{2578CB97-EDB4-46B5-9E8E-D215D72E0771}.Release|x64.ActiveCfg = Release|x64
		{2578CB97-EDB4-46B5-9E8E-D215D72E0771}.Release|x64.Build.0 = Release|x64
		{6786F069-53D7-4744-9D02-A4D2366643F1}.Debug|Win32.ActiveCfg = Debug|Win32
		{6786F069-53D7-4744-9D02-A4D2366643F1}.Debug|Win32.Build.0 = Debug|Win32
		{6786F069-53D7-4744-9D02-A4D2366643F1}.Debug|x64.ActiveCfg = Debug|x64
		{6786F069-53D7-4744-9D02-A4D2366643F1}.Debug|x64.Build.0 = Debug|x64
		{6786F069-53D7-4744-9D02-A4D2366643F1}.Release|Win32.ActiveCfg = Release|Win32
		{6786F069-53D7-4744-9D02-A4D2366643F1}.Release|Win32.Build.0 = Release|Win32
		{6786F069-53D7-4744-9D02-A4D2366643F1}.Release|x64.ActiveCfg = Release|x64
		{6786F069-53D7-4744-9D02-A4D2366643F1}.Release|x64.Build.0 = Release|x64
		{ADCEC455-C284-4595-8947-D9A501E76FE6}.Debug|Win32.ActiveCfg = Debug|Win32
		{ADCEC455-C284-4595-8947-D9A501E76FE6}.Debug|Win32.Build.0 = Debug|Win32
		{ADCEC455-C284-4595-8947-D9A501E76FE6}.Debug|x64.ActiveCfg = Debug|x64
		{ADCEC455-C284-4595-8947-D9A501E76FE6}.Debug|x64.Build.0 = Debug|x64
		{ADCEC455-C284-4595-8947-D9A501E76FE6}.Release|Win32.ActiveCfg = Release|Win32
		{ADCEC455-C284-4595-8947-D9A501E76FE6}.Release|Win32.Build.0 = Release|Win32
		{ADCEC455-C284-4595-8947-D9A501E76FE6}.Release|x64.ActiveCfg = Release|x64
		{ADCEC455-C284-4595-8947-D9A501E76FE6}.Release|x64.Build.0 = Release|x64
		{BCA771B3-6118-4408-B83D-77B5DFF56B75}.Debug|Win32.ActiveCfg = Debug|Win32
		{BCA771B3-6118-4408-B83D-77B5DFF56B75}.Debug|Win32.Build.0 = Debug|Win32
		{BCA771B3-6118-4408-B83D-77B5DFF56B75}.Debug|x64.ActiveCfg = Debug|x64
		{BCA771B3-6118-4408-B83D-77B5DFF56B75}.Debug|x64.Build.0 = Debug|x64
		{BCA771B3-6118-4408-B83D-77B5DFF56B75}.Release|Win32.ActiveCfg = Release|Win32
		{BCA771B3-6118-4408-B83D-77B5DFF56B75}.Release|Win32.Build.0 = Release|Win32
		{BCA771B3-6118-4408-B83D-77B5DFF56B75}.Release|x64.ActiveCfg = Release|x64
		{BCA771B3-6118-4408-B83D-77B5DFF56B75}.Release|x64.Build.0 = Release|x64
		{FAE1BB7E-60FC-4801-80BB-2BEA2F455ECE}.Debug|Win32.ActiveCfg = Debug|Win32
		{FAE1BB7E-60FC-4801-80BB-2BEA2F455ECE}.Debug|Win32.Build.0 = Debug|Win32
		{FAE1BB7E-60FC-4801-80BB-2BEA2F455ECE}.Debug|x64.ActiveCfg = Debug|x64
		{FAE1BB7E-60FC-4801-80BB-2BEA2F455ECE}.Debug|x64.Build.0 = Debug|x64
		{FAE1BB7E-60FC-4801-80BB-2BEA2F455ECE}.Release|Win32.ActiveCfg = Release|Win32
		{FAE1BB7E-60FC-4801-80BB-2BEA2F455ECE}.Release|Win32.Build.0 = Release|Win32
		{FAE1BB7E-60FC-4801-80BB-2BEA2F455ECE}.Release|x64.ActiveCfg = Release|x64
		{FAE1BB7E-60FC-4801-80BB-2BEA2F455ECE}.Release|x64.Build.0 = Release|x64
		{3F261283-00B3-4D0D-BD52-96E3E9C6B631}.Debug|Win32.ActiveCfg = Debug|Win32
		{3F261283-00B3-4D0D-BD52-96E3E9C6B631}.Debug|Win32.Build.0 = Debug|Win32
		{3F261283-00B3-4D0D-BD52-96E3E9C6B631}.Debug|x64.ActiveCfg = Debug|x64
		{3F261283-00B3-4D0D-BD52-96E3E9C6B631}.Debug|x64.Build.0 = Debug|x64
		{3F261283-00B3-4D0D-BD52-96E3E9C6B631}.Release|Win32.ActiveCfg = Release|Win32
		{3F261283-00B3-4D0D-BD52-96E3E9C6B631}.Release|Win32.Build.0 = Release|Win32
		{3F261283-00B3-4D0D-BD52-96E3E9C6B631}.Release|x64.ActiveCfg = Release|x64
		{3F261283-00B3-4D0D-BD52-96E3E9C6B631}.Release|x64.Build.0 = Release|x64
		{6D998798-9BF3-44D8-B7B3-0C1E2E19B0F1}.Debug|Win32.ActiveCfg = Debug|Win32
		{6D998798-9BF3-44D8-B7B3-0C1E2E19B0F1}.Debug|Win32.Build.0 = Debug|Win32
		{6D998798-9BF3-44D8-B7B3-0C1E2E19B0F1}.Debug|x64.ActiveCfg = Debug|x64
		{6D998798-9BF3-44D8-B7B3-0C1E2E19B0F1}.Debug|x64.Build.0 = Debug|x64
		{6D998798-9BF3-44D8-B7B3-0C1E2E19B0F1}.Release|Win32.ActiveCfg = Release|Win32
		{6D998798-9BF3-44D8-B7B3-0C1E2E19B0F1}.Release|Win32.Build.0 = Release|Win32
		{6D998798-9BF3-44D8-B7B3-0C1E2E19B0F1}.Release|x64.ActiveCfg = Release|x64
		{6D998798-9BF3-44D8-B7B3-0C1E2E19B0F1}.Release|x64.Build.0 = Release|x64
	EndGlobalSection
	GlobalSection(SolutionProperties) = preSolution
		HideSolutionNode = FALSE
	EndGlobalSection
EndGlobal
