
Microsoft Visual Studio Solution File, Format Version 12.00
# Visual Studio 2013
Project("{FAE04EC0-301F-11D3-BF4B-00C04F79EFBC}") = "MainFrame", "MainFrame.csproj", "{3CC02258-49BD-4F14-B9C9-3BF4876FDD5B}"
EndProject
Project("{FAE04EC0-301F-11D3-BF4B-00C04F79EFBC}") = "FrameTest", "FrameTest\FrameTest.csproj", "{9505EC66-551F-4C5C-92C8-BBF8ED4C4A15}"
EndProject
Project("{FAE04EC0-301F-11D3-BF4B-00C04F79EFBC}") = "Frame", "Frame\Frame.csproj", "{60D63EB5-BBAE-43F6-A843-05F0AA72CD85}"
EndProject
Global
	GlobalSection(SolutionConfigurationPlatforms) = preSolution
		Debug|Any CPU = Debug|Any CPU
		Release|Any CPU = Release|Any CPU
	EndGlobalSection
	GlobalSection(ProjectConfigurationPlatforms) = postSolution
		{3CC02258-49BD-4F14-B9C9-3BF4876FDD5B}.Debug|Any CPU.ActiveCfg = Debug|Any CPU
		{3CC02258-49BD-4F14-B9C9-3BF4876FDD5B}.Debug|Any CPU.Build.0 = Debug|Any CPU
		{3CC02258-49BD-4F14-B9C9-3BF4876FDD5B}.Release|Any CPU.ActiveCfg = Release|Any CPU
		{3CC02258-49BD-4F14-B9C9-3BF4876FDD5B}.Release|Any CPU.Build.0 = Release|Any CPU
		{60D63EB5-BBAE-43F6-A843-05F0AA72CD85}.Debug|Any CPU.ActiveCfg = Debug|Any CPU
		{60D63EB5-BBAE-43F6-A843-05F0AA72CD85}.Debug|Any CPU.Build.0 = Debug|Any CPU
		{60D63EB5-BBAE-43F6-A843-05F0AA72CD85}.Release|Any CPU.ActiveCfg = Release|Any CPU
		{60D63EB5-BBAE-43F6-A843-05F0AA72CD85}.Release|Any CPU.Build.0 = Release|Any CPU
		{9505EC66-551F-4C5C-92C8-BBF8ED4C4A15}.Debug|Any CPU.ActiveCfg = Debug|Any CPU
		{9505EC66-551F-4C5C-92C8-BBF8ED4C4A15}.Debug|Any CPU.Build.0 = Debug|Any CPU
		{9505EC66-551F-4C5C-92C8-BBF8ED4C4A15}.Release|Any CPU.ActiveCfg = Release|Any CPU
		{9505EC66-551F-4C5C-92C8-BBF8ED4C4A15}.Release|Any CPU.Build.0 = Release|Any CPU
	EndGlobalSection
EndGlobal
