<?xml version="1.0" encoding="utf-8"?>
<Project ToolsVersion="4.0" xmlns="http://schemas.microsoft.com/developer/msbuild/2003">
  <ItemGroup>
    <Filter Include="Source Files">
      <UniqueIdentifier>{4FC737F1-C7A5-4376-A066-2A32D752A2FF}</UniqueIdentifier>
      <Extensions>cpp;c;cc;cxx;def;odl;idl;hpj;bat;asm;asmx</Extensions>
    </Filter>
    <Filter Include="Header Files">
      <UniqueIdentifier>{93995380-89BD-4b04-88EB-625FBE52EBFB}</UniqueIdentifier>
      <Extensions>h;hh;hpp;hxx;hm;inl;inc;xsd</Extensions>
    </Filter>
    <Filter Include="Resource Files">
      <UniqueIdentifier>{67DA6AB6-F800-4c08-8B7A-83BB121AAD01}</UniqueIdentifier>
      <Extensions>rc;ico;cur;bmp;dlg;rc2;rct;bin;rgs;gif;jpg;jpeg;jpe;resx;tiff;tif;png;wav;mfcribbon-ms</Extensions>
    </Filter>
    <Filter Include="readwrite">
      <UniqueIdentifier>{b7d19e52-fb52-4e11-b6a1-2e5813b42630}</UniqueIdentifier>
    </Filter>
    <Filter Include="writedimension">
      <UniqueIdentifier>{005684e6-95f4-4d4b-b684-cd44b857adf2}</UniqueIdentifier>
    </Filter>
    <Filter Include="writehatch">
      <UniqueIdentifier>{9bc51a8e-3b19-4aba-b342-3b1ac23c1421}</UniqueIdentifier>
    </Filter>
    <Filter Include="test">
      <UniqueIdentifier>{926c84c1-5e5f-4e00-b214-11573060e41b}</UniqueIdentifier>
    </Filter>
  </ItemGroup>
  <ItemGroup>
    <ClCompile Include="main.cpp">
      <Filter>Source Files</Filter>
    </ClCompile>
    <ClCompile Include="testAsync.cpp">
      <Filter>Source Files</Filter>
    </ClCompile>
    <ClCompile Include="writehatch\testWriteHatch.cpp">
      <Filter>writehatch</Filter>
    </ClCompile>
    <ClCompile Include="writedimension\testWriteDimension.cpp">
      <Filter>writedimension</Filter>
    </ClCompile>
    <ClCompile Include="readwrite\test_creationclass.cpp">
      <Filter>readwrite</Filter>
    </ClCompile>
    <ClCompile Include="readwrite\testReadWrite.cpp">
      <Filter>readwrite</Filter>
    </ClCompile>
    <ClCompile Include="Animal.cpp">
      <Filter>test</Filter>
    </ClCompile>
  </ItemGroup>
  <ItemGroup>
    <ClInclude Include="testAsync.h">
      <Filter>Header Files</Filter>
    </ClInclude>
    <ClInclude Include="stdafx.h">
      <Filter>Header Files</Filter>
    </ClInclude>
    <ClInclude Include="readwrite\test_creationclass.h">
      <Filter>readwrite</Filter>
    </ClInclude>
    <ClInclude Include="Animal.h">
      <Filter>test</Filter>
    </ClInclude>
  </ItemGroup>
</Project>