<?xml version="1.0" encoding="utf-8"?>
<Project ToolsVersion="4.0" xmlns="http://schemas.microsoft.com/developer/msbuild/2003">
  <ItemGroup>
    <Filter Include="Source Files">
      <UniqueIdentifier>{4FC737F1-C7A5-4376-A066-2A32D752A2FF}</UniqueIdentifier>
      <Extensions>cpp;c;cc;cxx;def;odl;idl;hpj;bat;asm;asmx</Extensions>
    </Filter>
    <Filter Include="Header Files">
      <UniqueIdentifier>{93995380-89BD-4b04-88EB-625FBE52EBFB}</UniqueIdentifier>
      <Extensions>h;hh;hpp;hxx;hm;inl;inc;xsd</Extensions>
    </Filter>
    <Filter Include="Resource Files">
      <UniqueIdentifier>{67DA6AB6-F800-4c08-8B7A-83BB121AAD01}</UniqueIdentifier>
      <Extensions>rc;ico;cur;bmp;dlg;rc2;rct;bin;rgs;gif;jpg;jpeg;jpe;resx;tiff;tif;png;wav;mfcribbon-ms</Extensions>
    </Filter>
    <Filter Include="dxflib">
      <UniqueIdentifier>{d01e8af8-bd72-4acb-b4e2-9b2775dca3bb}</UniqueIdentifier>
    </Filter>
    <Filter Include="libredwg">
      <UniqueIdentifier>{f1ca34f3-7778-4555-92d0-1aacbb66ed13}</UniqueIdentifier>
    </Filter>
    <Filter Include="dxflib\lib">
      <UniqueIdentifier>{e34b88fb-8064-4b2b-9057-b6098529bb2f}</UniqueIdentifier>
    </Filter>
    <Filter Include="dxflib\src">
      <UniqueIdentifier>{1cdcd16b-93d2-4a3c-8fd2-91930323c1e7}</UniqueIdentifier>
    </Filter>
    <Filter Include="dxflib\test">
      <UniqueIdentifier>{06aab571-f92c-418a-aa7c-8195877e9e71}</UniqueIdentifier>
    </Filter>
    <Filter Include="libredwg\examples">
      <UniqueIdentifier>{561102d1-7442-45f8-acd2-38b97f3b8526}</UniqueIdentifier>
    </Filter>
    <Filter Include="libredwg\src">
      <UniqueIdentifier>{1536f5c6-d5dd-4a22-b815-c29fbcee902e}</UniqueIdentifier>
    </Filter>
    <Filter Include="libredwg\test">
      <UniqueIdentifier>{625251fa-9c26-4433-ac2b-40b601136434}</UniqueIdentifier>
    </Filter>
  </ItemGroup>
  <ItemGroup>
    <Text Include="ReadMe.txt" />
  </ItemGroup>
  <ItemGroup>
    <ClInclude Include="stdafx.h">
      <Filter>Header Files</Filter>
    </ClInclude>
    <ClInclude Include="targetver.h">
      <Filter>Header Files</Filter>
    </ClInclude>
    <ClInclude Include="dxflib\src\dl_attributes.h">
      <Filter>dxflib\src</Filter>
    </ClInclude>
    <ClInclude Include="dxflib\src\dl_codes.h">
      <Filter>dxflib\src</Filter>
    </ClInclude>
    <ClInclude Include="dxflib\src\dl_creationadapter.h">
      <Filter>dxflib\src</Filter>
    </ClInclude>
    <ClInclude Include="dxflib\src\dl_creationinterface.h">
      <Filter>dxflib\src</Filter>
    </ClInclude>
    <ClInclude Include="dxflib\src\dl_dxf.h">
      <Filter>dxflib\src</Filter>
    </ClInclude>
    <ClInclude Include="dxflib\src\dl_entities.h">
      <Filter>dxflib\src</Filter>
    </ClInclude>
    <ClInclude Include="dxflib\src\dl_exception.h">
      <Filter>dxflib\src</Filter>
    </ClInclude>
    <ClInclude Include="dxflib\src\dl_extrusion.h">
      <Filter>dxflib\src</Filter>
    </ClInclude>
    <ClInclude Include="dxflib\src\dl_writer.h">
      <Filter>dxflib\src</Filter>
    </ClInclude>
    <ClInclude Include="dxflib\src\dl_writer_ascii.h">
      <Filter>dxflib\src</Filter>
    </ClInclude>
    <ClInclude Include="dxflib\test\test_creationclass.h">
      <Filter>dxflib\test</Filter>
    </ClInclude>
    <ClInclude Include="libredwg\src\bits.h">
      <Filter>libredwg\src</Filter>
    </ClInclude>
    <ClInclude Include="libredwg\src\common.h">
      <Filter>libredwg\src</Filter>
    </ClInclude>
    <ClInclude Include="libredwg\src\decode.h">
      <Filter>libredwg\src</Filter>
    </ClInclude>
    <ClInclude Include="libredwg\src\dwg.h">
      <Filter>libredwg\src</Filter>
    </ClInclude>
    <ClInclude Include="libredwg\src\encode.h">
      <Filter>libredwg\src</Filter>
    </ClInclude>
    <ClInclude Include="libredwg\src\logging.h">
      <Filter>libredwg\src</Filter>
    </ClInclude>
    <ClInclude Include="libredwg\src\print.h">
      <Filter>libredwg\src</Filter>
    </ClInclude>
    <ClInclude Include="OutputFormatKML.h">
      <Filter>Header Files</Filter>
    </ClInclude>
    <ClInclude Include="InputFormatDXF.h">
      <Filter>Header Files</Filter>
    </ClInclude>
    <ClInclude Include="InputFormatDWG.h">
      <Filter>Header Files</Filter>
    </ClInclude>
    <ClInclude Include="OutputFormatText.h">
      <Filter>Header Files</Filter>
    </ClInclude>
    <ClInclude Include="OutputFormatSHP.h">
      <Filter>Header Files</Filter>
    </ClInclude>
    <ClInclude Include="OutputFormat.h">
      <Filter>Header Files</Filter>
    </ClInclude>
    <ClInclude Include="InputFormat.h">
      <Filter>Header Files</Filter>
    </ClInclude>
    <ClInclude Include="OutputFormatTypes.h">
      <Filter>Header Files</Filter>
    </ClInclude>
    <ClInclude Include="GetInsertions.h">
      <Filter>Header Files</Filter>
    </ClInclude>
  </ItemGroup>
  <ItemGroup>
    <ClCompile Include="stdafx.cpp">
      <Filter>Source Files</Filter>
    </ClCompile>
    <ClCompile Include="CADConverterTest.cpp">
      <Filter>Source Files</Filter>
    </ClCompile>
    <ClCompile Include="dxflib\src\dl_dxf.cpp">
      <Filter>dxflib\src</Filter>
    </ClCompile>
    <ClCompile Include="dxflib\src\dl_writer_ascii.cpp">
      <Filter>dxflib\src</Filter>
    </ClCompile>
    <ClCompile Include="dxflib\test\test_creationclass.cpp">
      <Filter>dxflib\test</Filter>
    </ClCompile>
    <ClCompile Include="dxflib\test\TestDxfLib.cpp">
      <Filter>dxflib\test</Filter>
    </ClCompile>
    <ClCompile Include="libredwg\examples\dwg_ps.c">
      <Filter>libredwg\examples</Filter>
    </ClCompile>
    <ClCompile Include="libredwg\examples\get_bmp.c">
      <Filter>libredwg\examples</Filter>
    </ClCompile>
    <ClCompile Include="libredwg\examples\load_dwg.c">
      <Filter>libredwg\examples</Filter>
    </ClCompile>
    <ClCompile Include="libredwg\examples\rewrite.c">
      <Filter>libredwg\examples</Filter>
    </ClCompile>
    <ClCompile Include="libredwg\examples\suffix.c">
      <Filter>libredwg\examples</Filter>
    </ClCompile>
    <ClCompile Include="libredwg\examples\test.c">
      <Filter>libredwg\examples</Filter>
    </ClCompile>
    <ClCompile Include="libredwg\examples\testSVG.c">
      <Filter>libredwg\examples</Filter>
    </ClCompile>
    <ClCompile Include="libredwg\test\test_logging.c">
      <Filter>libredwg\test</Filter>
    </ClCompile>
    <ClCompile Include="libredwg\src\bits.c">
      <Filter>libredwg\src</Filter>
    </ClCompile>
    <ClCompile Include="libredwg\src\common.c">
      <Filter>libredwg\src</Filter>
    </ClCompile>
    <ClCompile Include="libredwg\src\decode.c">
      <Filter>libredwg\src</Filter>
    </ClCompile>
    <ClCompile Include="libredwg\src\dwg.c">
      <Filter>libredwg\src</Filter>
    </ClCompile>
    <ClCompile Include="libredwg\src\encode.c">
      <Filter>libredwg\src</Filter>
    </ClCompile>
    <ClCompile Include="libredwg\src\print.c">
      <Filter>libredwg\src</Filter>
    </ClCompile>
    <ClCompile Include="AutoCADConverter.cpp">
      <Filter>Source Files</Filter>
    </ClCompile>
    <ClCompile Include="OutputFormatKML.cpp">
      <Filter>Source Files</Filter>
    </ClCompile>
    <ClCompile Include="InputFormatDWG.cpp">
      <Filter>Source Files</Filter>
    </ClCompile>
    <ClCompile Include="InputFormatDXF.cpp">
      <Filter>Source Files</Filter>
    </ClCompile>
    <ClCompile Include="OutputFormatText.cpp">
      <Filter>Source Files</Filter>
    </ClCompile>
    <ClCompile Include="OutputFormatSHP.cpp">
      <Filter>Source Files</Filter>
    </ClCompile>
    <ClCompile Include="GetInsertions.cpp">
      <Filter>Source Files</Filter>
    </ClCompile>
    <ClCompile Include="OutputFormatTypes.cpp">
      <Filter>Source Files</Filter>
    </ClCompile>
  </ItemGroup>
</Project>